PODS:
  - Bolts (1.1.5):
    - Bolts/AppLinks (= 1.1.5)
    - Bolts/Tasks (= 1.1.5)
  - Bolts/AppLinks (1.1.5):
    - Bolts/Tasks
  - Bolts/Tasks (1.1.5)
  - JVFloatLabeledTextField (1.0.3)
  - MRProgress (0.8.1):
    - MRProgress/ActivityIndicator (= 0.8.1)
    - MRProgress/Blur (= 0.8.1)
    - MRProgress/Circular (= 0.8.1)
    - MRProgress/Icons (= 0.8.1)
    - MRProgress/NavigationBarProgress (= 0.8.1)
    - MRProgress/Overlay (= 0.8.1)
  - MRProgress/ActivityIndicator (0.8.1):
    - MRProgress/Stopable
  - MRProgress/Blur (0.8.1):
    - MRProgress/Helper
  - MRProgress/Circular (0.8.1):
    - MRProgress/Helper
    - MRProgress/ProgressBaseClass
    - MRProgress/Stopable
  - MRProgress/Helper (0.8.1)
  - MRProgress/Icons (0.8.1)
  - MRProgress/NavigationBarProgress (0.8.1):
    - MRProgress/ProgressBaseClass
  - MRProgress/Overlay (0.8.1):
    - MRProgress/ActivityIndicator
    - MRProgress/Blur
    - MRProgress/Circular
    - MRProgress/Helper
    - MRProgress/Icons
  - MRProgress/ProgressBaseClass (0.8.1)
  - MRProgress/Stopable (0.8.1):
    - MRProgress/Helper
  - Parse (1.7.2.2):
    - Bolts/Tasks (>= 1.1.5)
  - ParseCrashReporting (1.7.2.2):
    - Bolts/Tasks (>= 1.1.5)
    - Parse (~> 1.7.2)
  - ParseUI (1.1.3):
    - Parse (~> 1.7)
  - SVProgressHUD (1.1.3)

DEPENDENCIES:
  - Bolts
  - JVFloatLabeledTextField
  - MRProgress
  - Parse
  - ParseCrashReporting
  - ParseUI
  - SVProgressHUD

SPEC CHECKSUMS:
  Bolts: aac24961496d504aa56fc267cde95162a71bac39
  JVFloatLabeledTextField: ca07a9934994408db69e7d1923732c52590edb30
  MRProgress: 72653f3ffd13c7bbac8c9de1da9bf0249fc2717d
  Parse: 6187586a80eb7b4960d755f85e1353148a611f87
  ParseCrashReporting: 0acb1ce8e42a783e426a4799666af19618d90f70
  ParseUI: 1a68e9cebc3bd458eed9605ce7b33d7cc082f473
  SVProgressHUD: 748080e4f36e603f6c02aec292664239df5279c1

COCOAPODS: 0.37.0
