// !$*UTF8*$!
{
	archiveVersion = 1;
	classes = {
	};
	objectVersion = 46;
	objects = {

/* Begin PBXBuildFile section */
		F22C8F2A1A6EE35E00139B9D /* libzbar.a in Frameworks */ = {isa = PBXBuildFile; fileRef = F22C8F241A6EE35E00139B9D /* libzbar.a */; };
		F22C8F2B1A6EE35E00139B9D /* zbar-back.png in Resources */ = {isa = PBXBuildFile; fileRef = F22C8F261A6EE35E00139B9D /* zbar-back.png */; };
		F22C8F2C1A6EE35E00139B9D /* zbar-help.html in Resources */ = {isa = PBXBuildFile; fileRef = F22C8F271A6EE35E00139B9D /* zbar-help.html */; };
		F22C8F2D1A6EE35E00139B9D /* zbar-helpicons.png in Resources */ = {isa = PBXBuildFile; fileRef = F22C8F281A6EE35E00139B9D /* zbar-helpicons.png */; };
		F22C8F2E1A6EE35E00139B9D /* zbar-samples.png in Resources */ = {isa = PBXBuildFile; fileRef = F22C8F291A6EE35E00139B9D /* zbar-samples.png */; };
		F22C8F311A6EE87800139B9D /* Bolts.framework in Frameworks */ = {isa = PBXBuildFile; fileRef = F22C8F2F1A6EE87800139B9D /* Bolts.framework */; };
		F22C8F321A6EE87800139B9D /* Parse.framework in Frameworks */ = {isa = PBXBuildFile; fileRef = F22C8F301A6EE87800139B9D /* Parse.framework */; };
		F22C8F341A6EE88D00139B9D /* AudioToolbox.framework in Frameworks */ = {isa = PBXBuildFile; fileRef = F22C8F331A6EE88D00139B9D /* AudioToolbox.framework */; };
		F22C8F361A6EE89700139B9D /* CFNetwork.framework in Frameworks */ = {isa = PBXBuildFile; fileRef = F22C8F351A6EE89700139B9D /* CFNetwork.framework */; };
		F22C8F381A6EE8A100139B9D /* CoreGraphics.framework in Frameworks */ = {isa = PBXBuildFile; fileRef = F22C8F371A6EE8A100139B9D /* CoreGraphics.framework */; };
		F22C8F3A1A6EE8FD00139B9D /* CoreLocation.framework in Frameworks */ = {isa = PBXBuildFile; fileRef = F22C8F391A6EE8FD00139B9D /* CoreLocation.framework */; };
		F22C8F3C1A6EE90A00139B9D /* MobileCoreServices.framework in Frameworks */ = {isa = PBXBuildFile; fileRef = F22C8F3B1A6EE90A00139B9D /* MobileCoreServices.framework */; };
		F22C8F3E1A6EE91B00139B9D /* Security.framework in Frameworks */ = {isa = PBXBuildFile; fileRef = F22C8F3D1A6EE91B00139B9D /* Security.framework */; };
		F22C8F401A6EE92500139B9D /* StoreKit.framework in Frameworks */ = {isa = PBXBuildFile; fileRef = F22C8F3F1A6EE92500139B9D /* StoreKit.framework */; };
		F22C8F421A6EE92D00139B9D /* SystemConfiguration.framework in Frameworks */ = {isa = PBXBuildFile; fileRef = F22C8F411A6EE92D00139B9D /* SystemConfiguration.framework */; };
		F22C8F441A6EE93600139B9D /* libz.dylib in Frameworks */ = {isa = PBXBuildFile; fileRef = F22C8F431A6EE93600139B9D /* libz.dylib */; };
		F22C8F461A6EE94A00139B9D /* libsqlite3.dylib in Frameworks */ = {isa = PBXBuildFile; fileRef = F22C8F451A6EE94A00139B9D /* libsqlite3.dylib */; };
		F296D9FF1A703F9E001E9D29 /* AFHTTPRequestOperation.m in Sources */ = {isa = PBXBuildFile; fileRef = F296D9DB1A703F9E001E9D29 /* AFHTTPRequestOperation.m */; };
		F296DA001A703F9E001E9D29 /* AFHTTPRequestOperationManager.m in Sources */ = {isa = PBXBuildFile; fileRef = F296D9DD1A703F9E001E9D29 /* AFHTTPRequestOperationManager.m */; };
		F296DA011A703F9E001E9D29 /* AFHTTPSessionManager.m in Sources */ = {isa = PBXBuildFile; fileRef = F296D9DF1A703F9E001E9D29 /* AFHTTPSessionManager.m */; };
		F296DA021A703F9E001E9D29 /* AFNetworkReachabilityManager.m in Sources */ = {isa = PBXBuildFile; fileRef = F296D9E21A703F9E001E9D29 /* AFNetworkReachabilityManager.m */; };
		F296DA031A703F9E001E9D29 /* AFSecurityPolicy.m in Sources */ = {isa = PBXBuildFile; fileRef = F296D9E41A703F9E001E9D29 /* AFSecurityPolicy.m */; };
		F296DA041A703F9E001E9D29 /* AFURLConnectionOperation.m in Sources */ = {isa = PBXBuildFile; fileRef = F296D9E61A703F9E001E9D29 /* AFURLConnectionOperation.m */; };
		F296DA051A703F9E001E9D29 /* AFURLRequestSerialization.m in Sources */ = {isa = PBXBuildFile; fileRef = F296D9E81A703F9E001E9D29 /* AFURLRequestSerialization.m */; };
		F296DA061A703F9E001E9D29 /* AFURLResponseSerialization.m in Sources */ = {isa = PBXBuildFile; fileRef = F296D9EA1A703F9E001E9D29 /* AFURLResponseSerialization.m */; };
		F296DA071A703F9E001E9D29 /* AFURLSessionManager.m in Sources */ = {isa = PBXBuildFile; fileRef = F296D9EC1A703F9E001E9D29 /* AFURLSessionManager.m */; };
		F296DA081A703F9E001E9D29 /* AFNetworkActivityIndicatorManager.m in Sources */ = {isa = PBXBuildFile; fileRef = F296D9EF1A703F9E001E9D29 /* AFNetworkActivityIndicatorManager.m */; };
		F296DA091A703F9E001E9D29 /* UIActivityIndicatorView+AFNetworking.m in Sources */ = {isa = PBXBuildFile; fileRef = F296D9F11A703F9E001E9D29 /* UIActivityIndicatorView+AFNetworking.m */; };
		F296DA0A1A703F9E001E9D29 /* UIAlertView+AFNetworking.m in Sources */ = {isa = PBXBuildFile; fileRef = F296D9F31A703F9E001E9D29 /* UIAlertView+AFNetworking.m */; };
		F296DA0B1A703F9E001E9D29 /* UIButton+AFNetworking.m in Sources */ = {isa = PBXBuildFile; fileRef = F296D9F51A703F9E001E9D29 /* UIButton+AFNetworking.m */; };
		F296DA0C1A703F9E001E9D29 /* UIImageView+AFNetworking.m in Sources */ = {isa = PBXBuildFile; fileRef = F296D9F71A703F9E001E9D29 /* UIImageView+AFNetworking.m */; };
		F296DA0D1A703F9E001E9D29 /* UIProgressView+AFNetworking.m in Sources */ = {isa = PBXBuildFile; fileRef = F296D9FA1A703F9E001E9D29 /* UIProgressView+AFNetworking.m */; };
		F296DA0E1A703F9E001E9D29 /* UIRefreshControl+AFNetworking.m in Sources */ = {isa = PBXBuildFile; fileRef = F296D9FC1A703F9E001E9D29 /* UIRefreshControl+AFNetworking.m */; };
		F296DA0F1A703F9E001E9D29 /* UIWebView+AFNetworking.m in Sources */ = {isa = PBXBuildFile; fileRef = F296D9FE1A703F9E001E9D29 /* UIWebView+AFNetworking.m */; };
		F2B4D0D61A6DF52200A98C7A /* AVFoundation.framework in Frameworks */ = {isa = PBXBuildFile; fileRef = F2B4D0D51A6DF52200A98C7A /* AVFoundation.framework */; };
		F2B4D0D81A6DF52A00A98C7A /* CoreMedia.framework in Frameworks */ = {isa = PBXBuildFile; fileRef = F2B4D0D71A6DF52A00A98C7A /* CoreMedia.framework */; };
		F2B4D0DA1A6DF53000A98C7A /* CoreVideo.framework in Frameworks */ = {isa = PBXBuildFile; fileRef = F2B4D0D91A6DF53000A98C7A /* CoreVideo.framework */; };
		F2B4D0DC1A6DF53900A98C7A /* QuartzCore.framework in Frameworks */ = {isa = PBXBuildFile; fileRef = F2B4D0DB1A6DF53900A98C7A /* QuartzCore.framework */; };
		F2B4D0DE1A6DF54500A98C7A /* libiconv.dylib in Frameworks */ = {isa = PBXBuildFile; fileRef = F2B4D0DD1A6DF54500A98C7A /* libiconv.dylib */; };
		F2E544E01A6CB55000CB52E5 /* main.m in Sources */ = {isa = PBXBuildFile; fileRef = F2E544DF1A6CB55000CB52E5 /* main.m */; };
		F2E544E31A6CB55000CB52E5 /* AppDelegate.m in Sources */ = {isa = PBXBuildFile; fileRef = F2E544E21A6CB55000CB52E5 /* AppDelegate.m */; };
		F2E544E91A6CB55000CB52E5 /* Main.storyboard in Resources */ = {isa = PBXBuildFile; fileRef = F2E544E71A6CB55000CB52E5 /* Main.storyboard */; };
		F2E544EB1A6CB55000CB52E5 /* Images.xcassets in Resources */ = {isa = PBXBuildFile; fileRef = F2E544EA1A6CB55000CB52E5 /* Images.xcassets */; };
		F2E544EE1A6CB55100CB52E5 /* LaunchScreen.xib in Resources */ = {isa = PBXBuildFile; fileRef = F2E544EC1A6CB55100CB52E5 /* LaunchScreen.xib */; };
		F2E544FA1A6CB55100CB52E5 /* GroceryListTests.m in Sources */ = {isa = PBXBuildFile; fileRef = F2E544F91A6CB55100CB52E5 /* GroceryListTests.m */; };
		F2E545051A6CB5D400CB52E5 /* GLTableViewCell.m in Sources */ = {isa = PBXBuildFile; fileRef = F2E545041A6CB5D400CB52E5 /* GLTableViewCell.m */; };
		F2E545081A6CB5F500CB52E5 /* GLTableViewController.m in Sources */ = {isa = PBXBuildFile; fileRef = F2E545071A6CB5F500CB52E5 /* GLTableViewController.m */; };
/* End PBXBuildFile section */

/* Begin PBXContainerItemProxy section */
		F2E544F41A6CB55100CB52E5 /* PBXContainerItemProxy */ = {
			isa = PBXContainerItemProxy;
			containerPortal = F2E544D21A6CB55000CB52E5 /* Project object */;
			proxyType = 1;
			remoteGlobalIDString = F2E544D91A6CB55000CB52E5;
			remoteInfo = GroceryList;
		};
/* End PBXContainerItemProxy section */

/* Begin PBXFileReference section */
		F22C8F101A6EE35E00139B9D /* Decoder.h */ = {isa = PBXFileReference; fileEncoding = 4; lastKnownFileType = sourcecode.c.h; path = Decoder.h; sourceTree = "<group>"; };
		F22C8F111A6EE35E00139B9D /* Exception.h */ = {isa = PBXFileReference; fileEncoding = 4; lastKnownFileType = sourcecode.c.h; path = Exception.h; sourceTree = "<group>"; };
		F22C8F121A6EE35E00139B9D /* Image.h */ = {isa = PBXFileReference; fileEncoding = 4; lastKnownFileType = sourcecode.c.h; path = Image.h; sourceTree = "<group>"; };
		F22C8F131A6EE35E00139B9D /* ImageScanner.h */ = {isa = PBXFileReference; fileEncoding = 4; lastKnownFileType = sourcecode.c.h; path = ImageScanner.h; sourceTree = "<group>"; };
		F22C8F141A6EE35E00139B9D /* Processor.h */ = {isa = PBXFileReference; fileEncoding = 4; lastKnownFileType = sourcecode.c.h; path = Processor.h; sourceTree = "<group>"; };
		F22C8F151A6EE35E00139B9D /* Scanner.h */ = {isa = PBXFileReference; fileEncoding = 4; lastKnownFileType = sourcecode.c.h; path = Scanner.h; sourceTree = "<group>"; };
		F22C8F161A6EE35E00139B9D /* Symbol.h */ = {isa = PBXFileReference; fileEncoding = 4; lastKnownFileType = sourcecode.c.h; path = Symbol.h; sourceTree = "<group>"; };
		F22C8F171A6EE35E00139B9D /* Video.h */ = {isa = PBXFileReference; fileEncoding = 4; lastKnownFileType = sourcecode.c.h; path = Video.h; sourceTree = "<group>"; };
		F22C8F181A6EE35E00139B9D /* Window.h */ = {isa = PBXFileReference; fileEncoding = 4; lastKnownFileType = sourcecode.c.h; path = Window.h; sourceTree = "<group>"; };
		F22C8F191A6EE35E00139B9D /* zbar.h */ = {isa = PBXFileReference; fileEncoding = 4; lastKnownFileType = sourcecode.c.h; path = zbar.h; sourceTree = "<group>"; };
		F22C8F1A1A6EE35E00139B9D /* ZBarCameraSimulator.h */ = {isa = PBXFileReference; fileEncoding = 4; lastKnownFileType = sourcecode.c.h; path = ZBarCameraSimulator.h; sourceTree = "<group>"; };
		F22C8F1B1A6EE35E00139B9D /* ZBarCaptureReader.h */ = {isa = PBXFileReference; fileEncoding = 4; lastKnownFileType = sourcecode.c.h; path = ZBarCaptureReader.h; sourceTree = "<group>"; };
		F22C8F1C1A6EE35E00139B9D /* ZBarHelpController.h */ = {isa = PBXFileReference; fileEncoding = 4; lastKnownFileType = sourcecode.c.h; path = ZBarHelpController.h; sourceTree = "<group>"; };
		F22C8F1D1A6EE35E00139B9D /* ZBarImage.h */ = {isa = PBXFileReference; fileEncoding = 4; lastKnownFileType = sourcecode.c.h; path = ZBarImage.h; sourceTree = "<group>"; };
		F22C8F1E1A6EE35E00139B9D /* ZBarImageScanner.h */ = {isa = PBXFileReference; fileEncoding = 4; lastKnownFileType = sourcecode.c.h; path = ZBarImageScanner.h; sourceTree = "<group>"; };
		F22C8F1F1A6EE35E00139B9D /* ZBarReaderController.h */ = {isa = PBXFileReference; fileEncoding = 4; lastKnownFileType = sourcecode.c.h; path = ZBarReaderController.h; sourceTree = "<group>"; };
		F22C8F201A6EE35E00139B9D /* ZBarReaderView.h */ = {isa = PBXFileReference; fileEncoding = 4; lastKnownFileType = sourcecode.c.h; path = ZBarReaderView.h; sourceTree = "<group>"; };
		F22C8F211A6EE35E00139B9D /* ZBarReaderViewController.h */ = {isa = PBXFileReference; fileEncoding = 4; lastKnownFileType = sourcecode.c.h; path = ZBarReaderViewController.h; sourceTree = "<group>"; };
		F22C8F221A6EE35E00139B9D /* ZBarSDK.h */ = {isa = PBXFileReference; fileEncoding = 4; lastKnownFileType = sourcecode.c.h; path = ZBarSDK.h; sourceTree = "<group>"; };
		F22C8F231A6EE35E00139B9D /* ZBarSymbol.h */ = {isa = PBXFileReference; fileEncoding = 4; lastKnownFileType = sourcecode.c.h; path = ZBarSymbol.h; sourceTree = "<group>"; };
		F22C8F241A6EE35E00139B9D /* libzbar.a */ = {isa = PBXFileReference; lastKnownFileType = archive.ar; path = libzbar.a; sourceTree = "<group>"; };
		F22C8F261A6EE35E00139B9D /* zbar-back.png */ = {isa = PBXFileReference; lastKnownFileType = image.png; path = "zbar-back.png"; sourceTree = "<group>"; };
		F22C8F271A6EE35E00139B9D /* zbar-help.html */ = {isa = PBXFileReference; fileEncoding = 4; lastKnownFileType = text.html; path = "zbar-help.html"; sourceTree = "<group>"; };
		F22C8F281A6EE35E00139B9D /* zbar-helpicons.png */ = {isa = PBXFileReference; lastKnownFileType = image.png; path = "zbar-helpicons.png"; sourceTree = "<group>"; };
		F22C8F291A6EE35E00139B9D /* zbar-samples.png */ = {isa = PBXFileReference; lastKnownFileType = image.png; path = "zbar-samples.png"; sourceTree = "<group>"; };
		F22C8F2F1A6EE87800139B9D /* Bolts.framework */ = {isa = PBXFileReference; lastKnownFileType = wrapper.framework; path = Bolts.framework; sourceTree = "<group>"; };
		F22C8F301A6EE87800139B9D /* Parse.framework */ = {isa = PBXFileReference; lastKnownFileType = wrapper.framework; path = Parse.framework; sourceTree = "<group>"; };
		F22C8F331A6EE88D00139B9D /* AudioToolbox.framework */ = {isa = PBXFileReference; lastKnownFileType = wrapper.framework; name = AudioToolbox.framework; path = System/Library/Frameworks/AudioToolbox.framework; sourceTree = SDKROOT; };
		F22C8F351A6EE89700139B9D /* CFNetwork.framework */ = {isa = PBXFileReference; lastKnownFileType = wrapper.framework; name = CFNetwork.framework; path = System/Library/Frameworks/CFNetwork.framework; sourceTree = SDKROOT; };
		F22C8F371A6EE8A100139B9D /* CoreGraphics.framework */ = {isa = PBXFileReference; lastKnownFileType = wrapper.framework; name = CoreGraphics.framework; path = System/Library/Frameworks/CoreGraphics.framework; sourceTree = SDKROOT; };
		F22C8F391A6EE8FD00139B9D /* CoreLocation.framework */ = {isa = PBXFileReference; lastKnownFileType = wrapper.framework; name = CoreLocation.framework; path = System/Library/Frameworks/CoreLocation.framework; sourceTree = SDKROOT; };
		F22C8F3B1A6EE90A00139B9D /* MobileCoreServices.framework */ = {isa = PBXFileReference; lastKnownFileType = wrapper.framework; name = MobileCoreServices.framework; path = System/Library/Frameworks/MobileCoreServices.framework; sourceTree = SDKROOT; };
		F22C8F3D1A6EE91B00139B9D /* Security.framework */ = {isa = PBXFileReference; lastKnownFileType = wrapper.framework; name = Security.framework; path = System/Library/Frameworks/Security.framework; sourceTree = SDKROOT; };
		F22C8F3F1A6EE92500139B9D /* StoreKit.framework */ = {isa = PBXFileReference; lastKnownFileType = wrapper.framework; name = StoreKit.framework; path = System/Library/Frameworks/StoreKit.framework; sourceTree = SDKROOT; };
		F22C8F411A6EE92D00139B9D /* SystemConfiguration.framework */ = {isa = PBXFileReference; lastKnownFileType = wrapper.framework; name = SystemConfiguration.framework; path = System/Library/Frameworks/SystemConfiguration.framework; sourceTree = SDKROOT; };
		F22C8F431A6EE93600139B9D /* libz.dylib */ = {isa = PBXFileReference; lastKnownFileType = "compiled.mach-o.dylib"; name = libz.dylib; path = usr/lib/libz.dylib; sourceTree = SDKROOT; };
		F22C8F451A6EE94A00139B9D /* libsqlite3.dylib */ = {isa = PBXFileReference; lastKnownFileType = "compiled.mach-o.dylib"; name = libsqlite3.dylib; path = usr/lib/libsqlite3.dylib; sourceTree = SDKROOT; };
		F296D9DA1A703F9E001E9D29 /* AFHTTPRequestOperation.h */ = {isa = PBXFileReference; fileEncoding = 4; lastKnownFileType = sourcecode.c.h; path = AFHTTPRequestOperation.h; sourceTree = "<group>"; };
		F296D9DB1A703F9E001E9D29 /* AFHTTPRequestOperation.m */ = {isa = PBXFileReference; fileEncoding = 4; lastKnownFileType = sourcecode.c.objc; path = AFHTTPRequestOperation.m; sourceTree = "<group>"; };
		F296D9DC1A703F9E001E9D29 /* AFHTTPRequestOperationManager.h */ = {isa = PBXFileReference; fileEncoding = 4; lastKnownFileType = sourcecode.c.h; path = AFHTTPRequestOperationManager.h; sourceTree = "<group>"; };
		F296D9DD1A703F9E001E9D29 /* AFHTTPRequestOperationManager.m */ = {isa = PBXFileReference; fileEncoding = 4; lastKnownFileType = sourcecode.c.objc; path = AFHTTPRequestOperationManager.m; sourceTree = "<group>"; };
		F296D9DE1A703F9E001E9D29 /* AFHTTPSessionManager.h */ = {isa = PBXFileReference; fileEncoding = 4; lastKnownFileType = sourcecode.c.h; path = AFHTTPSessionManager.h; sourceTree = "<group>"; };
		F296D9DF1A703F9E001E9D29 /* AFHTTPSessionManager.m */ = {isa = PBXFileReference; fileEncoding = 4; lastKnownFileType = sourcecode.c.objc; path = AFHTTPSessionManager.m; sourceTree = "<group>"; };
		F296D9E01A703F9E001E9D29 /* AFNetworking.h */ = {isa = PBXFileReference; fileEncoding = 4; lastKnownFileType = sourcecode.c.h; path = AFNetworking.h; sourceTree = "<group>"; };
		F296D9E11A703F9E001E9D29 /* AFNetworkReachabilityManager.h */ = {isa = PBXFileReference; fileEncoding = 4; lastKnownFileType = sourcecode.c.h; path = AFNetworkReachabilityManager.h; sourceTree = "<group>"; };
		F296D9E21A703F9E001E9D29 /* AFNetworkReachabilityManager.m */ = {isa = PBXFileReference; fileEncoding = 4; lastKnownFileType = sourcecode.c.objc; path = AFNetworkReachabilityManager.m; sourceTree = "<group>"; };
		F296D9E31A703F9E001E9D29 /* AFSecurityPolicy.h */ = {isa = PBXFileReference; fileEncoding = 4; lastKnownFileType = sourcecode.c.h; path = AFSecurityPolicy.h; sourceTree = "<group>"; };
		F296D9E41A703F9E001E9D29 /* AFSecurityPolicy.m */ = {isa = PBXFileReference; fileEncoding = 4; lastKnownFileType = sourcecode.c.objc; path = AFSecurityPolicy.m; sourceTree = "<group>"; };
		F296D9E51A703F9E001E9D29 /* AFURLConnectionOperation.h */ = {isa = PBXFileReference; fileEncoding = 4; lastKnownFileType = sourcecode.c.h; path = AFURLConnectionOperation.h; sourceTree = "<group>"; };
		F296D9E61A703F9E001E9D29 /* AFURLConnectionOperation.m */ = {isa = PBXFileReference; fileEncoding = 4; lastKnownFileType = sourcecode.c.objc; path = AFURLConnectionOperation.m; sourceTree = "<group>"; };
		F296D9E71A703F9E001E9D29 /* AFURLRequestSerialization.h */ = {isa = PBXFileReference; fileEncoding = 4; lastKnownFileType = sourcecode.c.h; path = AFURLRequestSerialization.h; sourceTree = "<group>"; };
		F296D9E81A703F9E001E9D29 /* AFURLRequestSerialization.m */ = {isa = PBXFileReference; fileEncoding = 4; lastKnownFileType = sourcecode.c.objc; path = AFURLRequestSerialization.m; sourceTree = "<group>"; };
		F296D9E91A703F9E001E9D29 /* AFURLResponseSerialization.h */ = {isa = PBXFileReference; fileEncoding = 4; lastKnownFileType = sourcecode.c.h; path = AFURLResponseSerialization.h; sourceTree = "<group>"; };
		F296D9EA1A703F9E001E9D29 /* AFURLResponseSerialization.m */ = {isa = PBXFileReference; fileEncoding = 4; lastKnownFileType = sourcecode.c.objc; path = AFURLResponseSerialization.m; sourceTree = "<group>"; };
		F296D9EB1A703F9E001E9D29 /* AFURLSessionManager.h */ = {isa = PBXFileReference; fileEncoding = 4; lastKnownFileType = sourcecode.c.h; path = AFURLSessionManager.h; sourceTree = "<group>"; };
		F296D9EC1A703F9E001E9D29 /* AFURLSessionManager.m */ = {isa = PBXFileReference; fileEncoding = 4; lastKnownFileType = sourcecode.c.objc; path = AFURLSessionManager.m; sourceTree = "<group>"; };
		F296D9EE1A703F9E001E9D29 /* AFNetworkActivityIndicatorManager.h */ = {isa = PBXFileReference; fileEncoding = 4; lastKnownFileType = sourcecode.c.h; path = AFNetworkActivityIndicatorManager.h; sourceTree = "<group>"; };
		F296D9EF1A703F9E001E9D29 /* AFNetworkActivityIndicatorManager.m */ = {isa = PBXFileReference; fileEncoding = 4; lastKnownFileType = sourcecode.c.objc; path = AFNetworkActivityIndicatorManager.m; sourceTree = "<group>"; };
		F296D9F01A703F9E001E9D29 /* UIActivityIndicatorView+AFNetworking.h */ = {isa = PBXFileReference; fileEncoding = 4; lastKnownFileType = sourcecode.c.h; path = "UIActivityIndicatorView+AFNetworking.h"; sourceTree = "<group>"; };
		F296D9F11A703F9E001E9D29 /* UIActivityIndicatorView+AFNetworking.m */ = {isa = PBXFileReference; fileEncoding = 4; lastKnownFileType = sourcecode.c.objc; path = "UIActivityIndicatorView+AFNetworking.m"; sourceTree = "<group>"; };
		F296D9F21A703F9E001E9D29 /* UIAlertView+AFNetworking.h */ = {isa = PBXFileReference; fileEncoding = 4; lastKnownFileType = sourcecode.c.h; path = "UIAlertView+AFNetworking.h"; sourceTree = "<group>"; };
		F296D9F31A703F9E001E9D29 /* UIAlertView+AFNetworking.m */ = {isa = PBXFileReference; fileEncoding = 4; lastKnownFileType = sourcecode.c.objc; path = "UIAlertView+AFNetworking.m"; sourceTree = "<group>"; };
		F296D9F41A703F9E001E9D29 /* UIButton+AFNetworking.h */ = {isa = PBXFileReference; fileEncoding = 4; lastKnownFileType = sourcecode.c.h; path = "UIButton+AFNetworking.h"; sourceTree = "<group>"; };
		F296D9F51A703F9E001E9D29 /* UIButton+AFNetworking.m */ = {isa = PBXFileReference; fileEncoding = 4; lastKnownFileType = sourcecode.c.objc; path = "UIButton+AFNetworking.m"; sourceTree = "<group>"; };
		F296D9F61A703F9E001E9D29 /* UIImageView+AFNetworking.h */ = {isa = PBXFileReference; fileEncoding = 4; lastKnownFileType = sourcecode.c.h; path = "UIImageView+AFNetworking.h"; sourceTree = "<group>"; };
		F296D9F71A703F9E001E9D29 /* UIImageView+AFNetworking.m */ = {isa = PBXFileReference; fileEncoding = 4; lastKnownFileType = sourcecode.c.objc; path = "UIImageView+AFNetworking.m"; sourceTree = "<group>"; };
		F296D9F81A703F9E001E9D29 /* UIKit+AFNetworking.h */ = {isa = PBXFileReference; fileEncoding = 4; lastKnownFileType = sourcecode.c.h; path = "UIKit+AFNetworking.h"; sourceTree = "<group>"; };
		F296D9F91A703F9E001E9D29 /* UIProgressView+AFNetworking.h */ = {isa = PBXFileReference; fileEncoding = 4; lastKnownFileType = sourcecode.c.h; path = "UIProgressView+AFNetworking.h"; sourceTree = "<group>"; };
		F296D9FA1A703F9E001E9D29 /* UIProgressView+AFNetworking.m */ = {isa = PBXFileReference; fileEncoding = 4; lastKnownFileType = sourcecode.c.objc; path = "UIProgressView+AFNetworking.m"; sourceTree = "<group>"; };
		F296D9FB1A703F9E001E9D29 /* UIRefreshControl+AFNetworking.h */ = {isa = PBXFileReference; fileEncoding = 4; lastKnownFileType = sourcecode.c.h; path = "UIRefreshControl+AFNetworking.h"; sourceTree = "<group>"; };
		F296D9FC1A703F9E001E9D29 /* UIRefreshControl+AFNetworking.m */ = {isa = PBXFileReference; fileEncoding = 4; lastKnownFileType = sourcecode.c.objc; path = "UIRefreshControl+AFNetworking.m"; sourceTree = "<group>"; };
		F296D9FD1A703F9E001E9D29 /* UIWebView+AFNetworking.h */ = {isa = PBXFileReference; fileEncoding = 4; lastKnownFileType = sourcecode.c.h; path = "UIWebView+AFNetworking.h"; sourceTree = "<group>"; };
		F296D9FE1A703F9E001E9D29 /* UIWebView+AFNetworking.m */ = {isa = PBXFileReference; fileEncoding = 4; lastKnownFileType = sourcecode.c.objc; path = "UIWebView+AFNetworking.m"; sourceTree = "<group>"; };
		F2B4D0D51A6DF52200A98C7A /* AVFoundation.framework */ = {isa = PBXFileReference; lastKnownFileType = wrapper.framework; name = AVFoundation.framework; path = System/Library/Frameworks/AVFoundation.framework; sourceTree = SDKROOT; };
		F2B4D0D71A6DF52A00A98C7A /* CoreMedia.framework */ = {isa = PBXFileReference; lastKnownFileType = wrapper.framework; name = CoreMedia.framework; path = System/Library/Frameworks/CoreMedia.framework; sourceTree = SDKROOT; };
		F2B4D0D91A6DF53000A98C7A /* CoreVideo.framework */ = {isa = PBXFileReference; lastKnownFileType = wrapper.framework; name = CoreVideo.framework; path = System/Library/Frameworks/CoreVideo.framework; sourceTree = SDKROOT; };
		F2B4D0DB1A6DF53900A98C7A /* QuartzCore.framework */ = {isa = PBXFileReference; lastKnownFileType = wrapper.framework; name = QuartzCore.framework; path = System/Library/Frameworks/QuartzCore.framework; sourceTree = SDKROOT; };
		F2B4D0DD1A6DF54500A98C7A /* libiconv.dylib */ = {isa = PBXFileReference; lastKnownFileType = "compiled.mach-o.dylib"; name = libiconv.dylib; path = usr/lib/libiconv.dylib; sourceTree = SDKROOT; };
		F2E544DA1A6CB55000CB52E5 /* GroceryList.app */ = {isa = PBXFileReference; explicitFileType = wrapper.application; includeInIndex = 0; path = GroceryList.app; sourceTree = BUILT_PRODUCTS_DIR; };
		F2E544DE1A6CB55000CB52E5 /* Info.plist */ = {isa = PBXFileReference; lastKnownFileType = text.plist.xml; path = Info.plist; sourceTree = "<group>"; };
		F2E544DF1A6CB55000CB52E5 /* main.m */ = {isa = PBXFileReference; lastKnownFileType = sourcecode.c.objc; path = main.m; sourceTree = "<group>"; };
		F2E544E11A6CB55000CB52E5 /* AppDelegate.h */ = {isa = PBXFileReference; lastKnownFileType = sourcecode.c.h; path = AppDelegate.h; sourceTree = "<group>"; };
		F2E544E21A6CB55000CB52E5 /* AppDelegate.m */ = {isa = PBXFileReference; lastKnownFileType = sourcecode.c.objc; path = AppDelegate.m; sourceTree = "<group>"; };
		F2E544E81A6CB55000CB52E5 /* Base */ = {isa = PBXFileReference; lastKnownFileType = file.storyboard; name = Base; path = Base.lproj/Main.storyboard; sourceTree = "<group>"; };
		F2E544EA1A6CB55000CB52E5 /* Images.xcassets */ = {isa = PBXFileReference; lastKnownFileType = folder.assetcatalog; path = Images.xcassets; sourceTree = "<group>"; };
		F2E544ED1A6CB55100CB52E5 /* Base */ = {isa = PBXFileReference; lastKnownFileType = file.xib; name = Base; path = Base.lproj/LaunchScreen.xib; sourceTree = "<group>"; };
		F2E544F31A6CB55100CB52E5 /* GroceryListTests.xctest */ = {isa = PBXFileReference; explicitFileType = wrapper.cfbundle; includeInIndex = 0; path = GroceryListTests.xctest; sourceTree = BUILT_PRODUCTS_DIR; };
		F2E544F81A6CB55100CB52E5 /* Info.plist */ = {isa = PBXFileReference; lastKnownFileType = text.plist.xml; path = Info.plist; sourceTree = "<group>"; };
		F2E544F91A6CB55100CB52E5 /* GroceryListTests.m */ = {isa = PBXFileReference; lastKnownFileType = sourcecode.c.objc; path = GroceryListTests.m; sourceTree = "<group>"; };
		F2E545031A6CB5D400CB52E5 /* GLTableViewCell.h */ = {isa = PBXFileReference; fileEncoding = 4; lastKnownFileType = sourcecode.c.h; path = GLTableViewCell.h; sourceTree = "<group>"; };
		F2E545041A6CB5D400CB52E5 /* GLTableViewCell.m */ = {isa = PBXFileReference; fileEncoding = 4; lastKnownFileType = sourcecode.c.objc; path = GLTableViewCell.m; sourceTree = "<group>"; };
		F2E545061A6CB5F500CB52E5 /* GLTableViewController.h */ = {isa = PBXFileReference; fileEncoding = 4; lastKnownFileType = sourcecode.c.h; path = GLTableViewController.h; sourceTree = "<group>"; };
		F2E545071A6CB5F500CB52E5 /* GLTableViewController.m */ = {isa = PBXFileReference; fileEncoding = 4; lastKnownFileType = sourcecode.c.objc; path = GLTableViewController.m; sourceTree = "<group>"; };
/* End PBXFileReference section */

/* Begin PBXFrameworksBuildPhase section */
		F2E544D71A6CB55000CB52E5 /* Frameworks */ = {
			isa = PBXFrameworksBuildPhase;
			buildActionMask = 2147483647;
			files = (
				F22C8F461A6EE94A00139B9D /* libsqlite3.dylib in Frameworks */,
				F22C8F441A6EE93600139B9D /* libz.dylib in Frameworks */,
				F22C8F421A6EE92D00139B9D /* SystemConfiguration.framework in Frameworks */,
				F22C8F401A6EE92500139B9D /* StoreKit.framework in Frameworks */,
				F22C8F3E1A6EE91B00139B9D /* Security.framework in Frameworks */,
				F2B4D0DC1A6DF53900A98C7A /* QuartzCore.framework in Frameworks */,
				F22C8F3C1A6EE90A00139B9D /* MobileCoreServices.framework in Frameworks */,
				F22C8F3A1A6EE8FD00139B9D /* CoreLocation.framework in Frameworks */,
				F22C8F381A6EE8A100139B9D /* CoreGraphics.framework in Frameworks */,
				F22C8F361A6EE89700139B9D /* CFNetwork.framework in Frameworks */,
				F22C8F341A6EE88D00139B9D /* AudioToolbox.framework in Frameworks */,
				F2B4D0DE1A6DF54500A98C7A /* libiconv.dylib in Frameworks */,
				F22C8F2A1A6EE35E00139B9D /* libzbar.a in Frameworks */,
				F2B4D0DA1A6DF53000A98C7A /* CoreVideo.framework in Frameworks */,
				F2B4D0D81A6DF52A00A98C7A /* CoreMedia.framework in Frameworks */,
				F2B4D0D61A6DF52200A98C7A /* AVFoundation.framework in Frameworks */,
				F22C8F321A6EE87800139B9D /* Parse.framework in Frameworks */,
				F22C8F311A6EE87800139B9D /* Bolts.framework in Frameworks */,
			);
			runOnlyForDeploymentPostprocessing = 0;
		};
		F2E544F01A6CB55100CB52E5 /* Frameworks */ = {
			isa = PBXFrameworksBuildPhase;
			buildActionMask = 2147483647;
			files = (
			);
			runOnlyForDeploymentPostprocessing = 0;
		};
/* End PBXFrameworksBuildPhase section */

/* Begin PBXGroup section */
		F22C8F0C1A6EE35E00139B9D /* ZBarSDK */ = {
			isa = PBXGroup;
			children = (
				F22C8F0D1A6EE35E00139B9D /* Headers */,
				F22C8F241A6EE35E00139B9D /* libzbar.a */,
				F22C8F251A6EE35E00139B9D /* Resources */,
			);
			path = ZBarSDK;
			sourceTree = "<group>";
		};
		F22C8F0D1A6EE35E00139B9D /* Headers */ = {
			isa = PBXGroup;
			children = (
				F22C8F0E1A6EE35E00139B9D /* ZBarSDK */,
			);
			path = Headers;
			sourceTree = "<group>";
		};
		F22C8F0E1A6EE35E00139B9D /* ZBarSDK */ = {
			isa = PBXGroup;
			children = (
				F22C8F0F1A6EE35E00139B9D /* zbar */,
				F22C8F191A6EE35E00139B9D /* zbar.h */,
				F22C8F1A1A6EE35E00139B9D /* ZBarCameraSimulator.h */,
				F22C8F1B1A6EE35E00139B9D /* ZBarCaptureReader.h */,
				F22C8F1C1A6EE35E00139B9D /* ZBarHelpController.h */,
				F22C8F1D1A6EE35E00139B9D /* ZBarImage.h */,
				F22C8F1E1A6EE35E00139B9D /* ZBarImageScanner.h */,
				F22C8F1F1A6EE35E00139B9D /* ZBarReaderController.h */,
				F22C8F201A6EE35E00139B9D /* ZBarReaderView.h */,
				F22C8F211A6EE35E00139B9D /* ZBarReaderViewController.h */,
				F22C8F221A6EE35E00139B9D /* ZBarSDK.h */,
				F22C8F231A6EE35E00139B9D /* ZBarSymbol.h */,
			);
			path = ZBarSDK;
			sourceTree = "<group>";
		};
		F22C8F0F1A6EE35E00139B9D /* zbar */ = {
			isa = PBXGroup;
			children = (
				F22C8F101A6EE35E00139B9D /* Decoder.h */,
				F22C8F111A6EE35E00139B9D /* Exception.h */,
				F22C8F121A6EE35E00139B9D /* Image.h */,
				F22C8F131A6EE35E00139B9D /* ImageScanner.h */,
				F22C8F141A6EE35E00139B9D /* Processor.h */,
				F22C8F151A6EE35E00139B9D /* Scanner.h */,
				F22C8F161A6EE35E00139B9D /* Symbol.h */,
				F22C8F171A6EE35E00139B9D /* Video.h */,
				F22C8F181A6EE35E00139B9D /* Window.h */,
			);
			path = zbar;
			sourceTree = "<group>";
		};
		F22C8F251A6EE35E00139B9D /* Resources */ = {
			isa = PBXGroup;
			children = (
				F22C8F261A6EE35E00139B9D /* zbar-back.png */,
				F22C8F271A6EE35E00139B9D /* zbar-help.html */,
				F22C8F281A6EE35E00139B9D /* zbar-helpicons.png */,
				F22C8F291A6EE35E00139B9D /* zbar-samples.png */,
			);
			path = Resources;
			sourceTree = "<group>";
		};
		F296D9D91A703F9E001E9D29 /* AFNetworking */ = {
			isa = PBXGroup;
			children = (
				F296D9DA1A703F9E001E9D29 /* AFHTTPRequestOperation.h */,
				F296D9DB1A703F9E001E9D29 /* AFHTTPRequestOperation.m */,
				F296D9DC1A703F9E001E9D29 /* AFHTTPRequestOperationManager.h */,
				F296D9DD1A703F9E001E9D29 /* AFHTTPRequestOperationManager.m */,
				F296D9DE1A703F9E001E9D29 /* AFHTTPSessionManager.h */,
				F296D9DF1A703F9E001E9D29 /* AFHTTPSessionManager.m */,
				F296D9E01A703F9E001E9D29 /* AFNetworking.h */,
				F296D9E11A703F9E001E9D29 /* AFNetworkReachabilityManager.h */,
				F296D9E21A703F9E001E9D29 /* AFNetworkReachabilityManager.m */,
				F296D9E31A703F9E001E9D29 /* AFSecurityPolicy.h */,
				F296D9E41A703F9E001E9D29 /* AFSecurityPolicy.m */,
				F296D9E51A703F9E001E9D29 /* AFURLConnectionOperation.h */,
				F296D9E61A703F9E001E9D29 /* AFURLConnectionOperation.m */,
				F296D9E71A703F9E001E9D29 /* AFURLRequestSerialization.h */,
				F296D9E81A703F9E001E9D29 /* AFURLRequestSerialization.m */,
				F296D9E91A703F9E001E9D29 /* AFURLResponseSerialization.h */,
				F296D9EA1A703F9E001E9D29 /* AFURLResponseSerialization.m */,
				F296D9EB1A703F9E001E9D29 /* AFURLSessionManager.h */,
				F296D9EC1A703F9E001E9D29 /* AFURLSessionManager.m */,
			);
			path = AFNetworking;
			sourceTree = "<group>";
		};
		F296D9ED1A703F9E001E9D29 /* UIKit+AFNetworking */ = {
			isa = PBXGroup;
			children = (
				F296D9EE1A703F9E001E9D29 /* AFNetworkActivityIndicatorManager.h */,
				F296D9EF1A703F9E001E9D29 /* AFNetworkActivityIndicatorManager.m */,
				F296D9F01A703F9E001E9D29 /* UIActivityIndicatorView+AFNetworking.h */,
				F296D9F11A703F9E001E9D29 /* UIActivityIndicatorView+AFNetworking.m */,
				F296D9F21A703F9E001E9D29 /* UIAlertView+AFNetworking.h */,
				F296D9F31A703F9E001E9D29 /* UIAlertView+AFNetworking.m */,
				F296D9F41A703F9E001E9D29 /* UIButton+AFNetworking.h */,
				F296D9F51A703F9E001E9D29 /* UIButton+AFNetworking.m */,
				F296D9F61A703F9E001E9D29 /* UIImageView+AFNetworking.h */,
				F296D9F71A703F9E001E9D29 /* UIImageView+AFNetworking.m */,
				F296D9F81A703F9E001E9D29 /* UIKit+AFNetworking.h */,
				F296D9F91A703F9E001E9D29 /* UIProgressView+AFNetworking.h */,
				F296D9FA1A703F9E001E9D29 /* UIProgressView+AFNetworking.m */,
				F296D9FB1A703F9E001E9D29 /* UIRefreshControl+AFNetworking.h */,
				F296D9FC1A703F9E001E9D29 /* UIRefreshControl+AFNetworking.m */,
				F296D9FD1A703F9E001E9D29 /* UIWebView+AFNetworking.h */,
				F296D9FE1A703F9E001E9D29 /* UIWebView+AFNetworking.m */,
			);
			path = "UIKit+AFNetworking";
			sourceTree = "<group>";
		};
		F2B4D0DF1A6DF54B00A98C7A /* Frameworks */ = {
			isa = PBXGroup;
			children = (
				F22C8F451A6EE94A00139B9D /* libsqlite3.dylib */,
				F22C8F431A6EE93600139B9D /* libz.dylib */,
				F22C8F411A6EE92D00139B9D /* SystemConfiguration.framework */,
				F22C8F3F1A6EE92500139B9D /* StoreKit.framework */,
				F22C8F3D1A6EE91B00139B9D /* Security.framework */,
				F22C8F3B1A6EE90A00139B9D /* MobileCoreServices.framework */,
				F22C8F391A6EE8FD00139B9D /* CoreLocation.framework */,
				F22C8F371A6EE8A100139B9D /* CoreGraphics.framework */,
				F22C8F351A6EE89700139B9D /* CFNetwork.framework */,
				F22C8F331A6EE88D00139B9D /* AudioToolbox.framework */,
				F22C8F2F1A6EE87800139B9D /* Bolts.framework */,
				F22C8F301A6EE87800139B9D /* Parse.framework */,
				F2B4D0DD1A6DF54500A98C7A /* libiconv.dylib */,
				F2B4D0DB1A6DF53900A98C7A /* QuartzCore.framework */,
				F2B4D0D91A6DF53000A98C7A /* CoreVideo.framework */,
				F2B4D0D71A6DF52A00A98C7A /* CoreMedia.framework */,
				F2B4D0D51A6DF52200A98C7A /* AVFoundation.framework */,
			);
			name = Frameworks;
			sourceTree = "<group>";
		};
		F2B4D1031A6DF5BE00A98C7A /* Vendor */ = {
			isa = PBXGroup;
			children = (
				F296D9D91A703F9E001E9D29 /* AFNetworking */,
				F296D9ED1A703F9E001E9D29 /* UIKit+AFNetworking */,
				F22C8F0C1A6EE35E00139B9D /* ZBarSDK */,
			);
			name = Vendor;
			sourceTree = "<group>";
		};
		F2E544D11A6CB55000CB52E5 = {
			isa = PBXGroup;
			children = (
				F2E544DC1A6CB55000CB52E5 /* GroceryList */,
				F2E544F61A6CB55100CB52E5 /* GroceryListTests */,
				F2E544DB1A6CB55000CB52E5 /* Products */,
				F2B4D1031A6DF5BE00A98C7A /* Vendor */,
				F2B4D0DF1A6DF54B00A98C7A /* Frameworks */,
			);
			sourceTree = "<group>";
		};
		F2E544DB1A6CB55000CB52E5 /* Products */ = {
			isa = PBXGroup;
			children = (
				F2E544DA1A6CB55000CB52E5 /* GroceryList.app */,
				F2E544F31A6CB55100CB52E5 /* GroceryListTests.xctest */,
			);
			name = Products;
			sourceTree = "<group>";
		};
		F2E544DC1A6CB55000CB52E5 /* GroceryList */ = {
			isa = PBXGroup;
			children = (
				F2E5450A1A6CB60A00CB52E5 /* Controllers */,
				F2E545091A6CB60100CB52E5 /* Views */,
				F2E544E71A6CB55000CB52E5 /* Main.storyboard */,
				F2E544EA1A6CB55000CB52E5 /* Images.xcassets */,
				F2E544DD1A6CB55000CB52E5 /* Supporting Files */,
			);
			path = GroceryList;
			sourceTree = "<group>";
		};
		F2E544DD1A6CB55000CB52E5 /* Supporting Files */ = {
			isa = PBXGroup;
			children = (
				F2E544E11A6CB55000CB52E5 /* AppDelegate.h */,
				F2E544E21A6CB55000CB52E5 /* AppDelegate.m */,
				F2E544EC1A6CB55100CB52E5 /* LaunchScreen.xib */,
				F2E544DE1A6CB55000CB52E5 /* Info.plist */,
				F2E544DF1A6CB55000CB52E5 /* main.m */,
			);
			name = "Supporting Files";
			sourceTree = "<group>";
		};
		F2E544F61A6CB55100CB52E5 /* GroceryListTests */ = {
			isa = PBXGroup;
			children = (
				F2E544F91A6CB55100CB52E5 /* GroceryListTests.m */,
				F2E544F71A6CB55100CB52E5 /* Supporting Files */,
			);
			path = GroceryListTests;
			sourceTree = "<group>";
		};
		F2E544F71A6CB55100CB52E5 /* Supporting Files */ = {
			isa = PBXGroup;
			children = (
				F2E544F81A6CB55100CB52E5 /* Info.plist */,
			);
			name = "Supporting Files";
			sourceTree = "<group>";
		};
		F2E545091A6CB60100CB52E5 /* Views */ = {
			isa = PBXGroup;
			children = (
				F2E545031A6CB5D400CB52E5 /* GLTableViewCell.h */,
				F2E545041A6CB5D400CB52E5 /* GLTableViewCell.m */,
			);
			name = Views;
			sourceTree = "<group>";
		};
		F2E5450A1A6CB60A00CB52E5 /* Controllers */ = {
			isa = PBXGroup;
			children = (
				F2E545061A6CB5F500CB52E5 /* GLTableViewController.h */,
				F2E545071A6CB5F500CB52E5 /* GLTableViewController.m */,
			);
			name = Controllers;
			sourceTree = "<group>";
		};
/* End PBXGroup section */

/* Begin PBXNativeTarget section */
		F2E544D91A6CB55000CB52E5 /* GroceryList */ = {
			isa = PBXNativeTarget;
			buildConfigurationList = F2E544FD1A6CB55100CB52E5 /* Build configuration list for PBXNativeTarget "GroceryList" */;
			buildPhases = (
				F2E544D61A6CB55000CB52E5 /* Sources */,
				F2E544D71A6CB55000CB52E5 /* Frameworks */,
				F2E5450B1A6CB8D500CB52E5 /* ShellScript */,
				F2E5450C1A6CB91D00CB52E5 /* ShellScript */,
				F2E544D81A6CB55000CB52E5 /* Resources */,
			);
			buildRules = (
			);
			dependencies = (
			);
			name = GroceryList;
			productName = GroceryList;
			productReference = F2E544DA1A6CB55000CB52E5 /* GroceryList.app */;
			productType = "com.apple.product-type.application";
		};
		F2E544F21A6CB55100CB52E5 /* GroceryListTests */ = {
			isa = PBXNativeTarget;
			buildConfigurationList = F2E545001A6CB55100CB52E5 /* Build configuration list for PBXNativeTarget "GroceryListTests" */;
			buildPhases = (
				F2E544EF1A6CB55100CB52E5 /* Sources */,
				F2E544F01A6CB55100CB52E5 /* Frameworks */,
				F2E544F11A6CB55100CB52E5 /* Resources */,
			);
			buildRules = (
			);
			dependencies = (
				F2E544F51A6CB55100CB52E5 /* PBXTargetDependency */,
			);
			name = GroceryListTests;
			productName = GroceryListTests;
			productReference = F2E544F31A6CB55100CB52E5 /* GroceryListTests.xctest */;
			productType = "com.apple.product-type.bundle.unit-test";
		};
/* End PBXNativeTarget section */

/* Begin PBXProject section */
		F2E544D21A6CB55000CB52E5 /* Project object */ = {
			isa = PBXProject;
			attributes = {
				CLASSPREFIX = GL;
				LastUpgradeCheck = 0610;
				TargetAttributes = {
					F2E544D91A6CB55000CB52E5 = {
						CreatedOnToolsVersion = 6.1.1;
						DevelopmentTeam = M7Z4JP773F;
					};
					F2E544F21A6CB55100CB52E5 = {
						CreatedOnToolsVersion = 6.1.1;
						TestTargetID = F2E544D91A6CB55000CB52E5;
					};
				};
			};
			buildConfigurationList = F2E544D51A6CB55000CB52E5 /* Build configuration list for PBXProject "GroceryList" */;
			compatibilityVersion = "Xcode 3.2";
			developmentRegion = English;
			hasScannedForEncodings = 0;
			knownRegions = (
				en,
				Base,
			);
			mainGroup = F2E544D11A6CB55000CB52E5;
			productRefGroup = F2E544DB1A6CB55000CB52E5 /* Products */;
			projectDirPath = "";
			projectRoot = "";
			targets = (
				F2E544D91A6CB55000CB52E5 /* GroceryList */,
				F2E544F21A6CB55100CB52E5 /* GroceryListTests */,
			);
		};
/* End PBXProject section */

/* Begin PBXResourcesBuildPhase section */
		F2E544D81A6CB55000CB52E5 /* Resources */ = {
			isa = PBXResourcesBuildPhase;
			buildActionMask = 2147483647;
			files = (
				F2E544E91A6CB55000CB52E5 /* Main.storyboard in Resources */,
				F22C8F2C1A6EE35E00139B9D /* zbar-help.html in Resources */,
				F22C8F2E1A6EE35E00139B9D /* zbar-samples.png in Resources */,
				F22C8F2D1A6EE35E00139B9D /* zbar-helpicons.png in Resources */,
				F22C8F2B1A6EE35E00139B9D /* zbar-back.png in Resources */,
				F2E544EE1A6CB55100CB52E5 /* LaunchScreen.xib in Resources */,
				F2E544EB1A6CB55000CB52E5 /* Images.xcassets in Resources */,
			);
			runOnlyForDeploymentPostprocessing = 0;
		};
		F2E544F11A6CB55100CB52E5 /* Resources */ = {
			isa = PBXResourcesBuildPhase;
			buildActionMask = 2147483647;
			files = (
			);
			runOnlyForDeploymentPostprocessing = 0;
		};
/* End PBXResourcesBuildPhase section */

/* Begin PBXShellScriptBuildPhase section */
		F2E5450B1A6CB8D500CB52E5 /* ShellScript */ = {
			isa = PBXShellScriptBuildPhase;
			buildActionMask = 2147483647;
			files = (
			);
			inputPaths = (
			);
			outputPaths = (
			);
			runOnlyForDeploymentPostprocessing = 0;
			shellPath = /bin/sh;
			shellScript = "buildNumber=$(/usr/libexec/PlistBuddy -c \"Print CFBundleVersion\" \"${PROJECT_DIR}/${INFOPLIST_FILE}\")\nbuildNumber=$(($buildNumber + 1))\n/usr/libexec/PlistBuddy -c \"Set :CFBundleVersion $buildNumber\" \"${PROJECT_DIR}/${INFOPLIST_FILE}\"";
		};
		F2E5450C1A6CB91D00CB52E5 /* ShellScript */ = {
			isa = PBXShellScriptBuildPhase;
			buildActionMask = 8;
			files = (
			);
			inputPaths = (
			);
			outputPaths = (
			);
			runOnlyForDeploymentPostprocessing = 1;
			shellPath = /bin/sh;
			shellScript = "VERSIONNUM=$(/usr/libexec/PlistBuddy -c \"Print CFBundleShortVersionString\" \"${PROJECT_DIR}/${INFOPLIST_FILE}\")\nNEWSUBVERSION=`echo $VERSIONNUM | awk -F \".\" '{print $3}'`\nNEWSUBVERSION=$(($NEWSUBVERSION + 1))\nNEWVERSIONSTRING=`echo $VERSIONNUM | awk -F \".\" '{print $1 \".\" $2 \".'$NEWSUBVERSION'\" }'`\n/usr/libexec/PlistBuddy -c \"Set :CFBundleShortVersionString $NEWVERSIONSTRING\" \"${PROJECT_DIR}/${INFOPLIST_FILE}\"";
		};
/* End PBXShellScriptBuildPhase section */

/* Begin PBXSourcesBuildPhase section */
		F2E544D61A6CB55000CB52E5 /* Sources */ = {
			isa = PBXSourcesBuildPhase;
			buildActionMask = 2147483647;
			files = (
				F296DA0D1A703F9E001E9D29 /* UIProgressView+AFNetworking.m in Sources */,
				F296DA0B1A703F9E001E9D29 /* UIButton+AFNetworking.m in Sources */,
				F296DA0E1A703F9E001E9D29 /* UIRefreshControl+AFNetworking.m in Sources */,
				F296DA0A1A703F9E001E9D29 /* UIAlertView+AFNetworking.m in Sources */,
				F2E545081A6CB5F500CB52E5 /* GLTableViewController.m in Sources */,
				F296DA031A703F9E001E9D29 /* AFSecurityPolicy.m in Sources */,
				F2E544E31A6CB55000CB52E5 /* AppDelegate.m in Sources */,
				F296DA001A703F9E001E9D29 /* AFHTTPRequestOperationManager.m in Sources */,
				F296DA041A703F9E001E9D29 /* AFURLConnectionOperation.m in Sources */,
				F296DA0C1A703F9E001E9D29 /* UIImageView+AFNetworking.m in Sources */,
				F296D9FF1A703F9E001E9D29 /* AFHTTPRequestOperation.m in Sources */,
				F296DA091A703F9E001E9D29 /* UIActivityIndicatorView+AFNetworking.m in Sources */,
				F2E545051A6CB5D400CB52E5 /* GLTableViewCell.m in Sources */,
				F296DA051A703F9E001E9D29 /* AFURLRequestSerialization.m in Sources */,
				F296DA011A703F9E001E9D29 /* AFHTTPSessionManager.m in Sources */,
				F296DA021A703F9E001E9D29 /* AFNetworkReachabilityManager.m in Sources */,
				F296DA061A703F9E001E9D29 /* AFURLResponseSerialization.m in Sources */,
				F296DA0F1A703F9E001E9D29 /* UIWebView+AFNetworking.m in Sources */,
				F296DA071A703F9E001E9D29 /* AFURLSessionManager.m in Sources */,
				F296DA081A703F9E001E9D29 /* AFNetworkActivityIndicatorManager.m in Sources */,
				F2E544E01A6CB55000CB52E5 /* main.m in Sources */,
			);
			runOnlyForDeploymentPostprocessing = 0;
		};
		F2E544EF1A6CB55100CB52E5 /* Sources */ = {
			isa = PBXSourcesBuildPhase;
			buildActionMask = 2147483647;
			files = (
				F2E544FA1A6CB55100CB52E5 /* GroceryListTests.m in Sources */,
			);
			runOnlyForDeploymentPostprocessing = 0;
		};
/* End PBXSourcesBuildPhase section */

/* Begin PBXTargetDependency section */
		F2E544F51A6CB55100CB52E5 /* PBXTargetDependency */ = {
			isa = PBXTargetDependency;
			target = F2E544D91A6CB55000CB52E5 /* GroceryList */;
			targetProxy = F2E544F41A6CB55100CB52E5 /* PBXContainerItemProxy */;
		};
/* End PBXTargetDependency section */

/* Begin PBXVariantGroup section */
		F2E544E71A6CB55000CB52E5 /* Main.storyboard */ = {
			isa = PBXVariantGroup;
			children = (
				F2E544E81A6CB55000CB52E5 /* Base */,
			);
			name = Main.storyboard;
			sourceTree = "<group>";
		};
		F2E544EC1A6CB55100CB52E5 /* LaunchScreen.xib */ = {
			isa = PBXVariantGroup;
			children = (
				F2E544ED1A6CB55100CB52E5 /* Base */,
			);
			name = LaunchScreen.xib;
			sourceTree = "<group>";
		};
/* End PBXVariantGroup section */

/* Begin XCBuildConfiguration section */
		F2E544FB1A6CB55100CB52E5 /* Debug */ = {
			isa = XCBuildConfiguration;
			buildSettings = {
				ALWAYS_SEARCH_USER_PATHS = NO;
				CLANG_CXX_LANGUAGE_STANDARD = "gnu++0x";
				CLANG_CXX_LIBRARY = "libc++";
				CLANG_ENABLE_MODULES = YES;
				CLANG_ENABLE_OBJC_ARC = YES;
				CLANG_WARN_BOOL_CONVERSION = YES;
				CLANG_WARN_CONSTANT_CONVERSION = YES;
				CLANG_WARN_DIRECT_OBJC_ISA_USAGE = YES_ERROR;
				CLANG_WARN_EMPTY_BODY = YES;
				CLANG_WARN_ENUM_CONVERSION = YES;
				CLANG_WARN_INT_CONVERSION = YES;
				CLANG_WARN_OBJC_ROOT_CLASS = YES_ERROR;
				CLANG_WARN_UNREACHABLE_CODE = YES;
				CLANG_WARN__DUPLICATE_METHOD_MATCH = YES;
				"CODE_SIGN_IDENTITY[sdk=iphoneos*]" = "iPhone Developer";
				COPY_PHASE_STRIP = NO;
				ENABLE_STRICT_OBJC_MSGSEND = YES;
				GCC_C_LANGUAGE_STANDARD = gnu99;
				GCC_DYNAMIC_NO_PIC = NO;
				GCC_OPTIMIZATION_LEVEL = 0;
				GCC_PREPROCESSOR_DEFINITIONS = (
					"DEBUG=1",
					"$(inherited)",
				);
				GCC_SYMBOLS_PRIVATE_EXTERN = NO;
				GCC_WARN_64_TO_32_BIT_CONVERSION = YES;
				GCC_WARN_ABOUT_RETURN_TYPE = YES_ERROR;
				GCC_WARN_UNDECLARED_SELECTOR = YES;
				GCC_WARN_UNINITIALIZED_AUTOS = YES_AGGRESSIVE;
				GCC_WARN_UNUSED_FUNCTION = YES;
				GCC_WARN_UNUSED_VARIABLE = YES;
				IPHONEOS_DEPLOYMENT_TARGET = 8.1;
				MTL_ENABLE_DEBUG_INFO = YES;
				ONLY_ACTIVE_ARCH = YES;
				SDKROOT = iphoneos;
			};
			name = Debug;
		};
		F2E544FC1A6CB55100CB52E5 /* Release */ = {
			isa = XCBuildConfiguration;
			buildSettings = {
				ALWAYS_SEARCH_USER_PATHS = NO;
				CLANG_CXX_LANGUAGE_STANDARD = "gnu++0x";
				CLANG_CXX_LIBRARY = "libc++";
				CLANG_ENABLE_MODULES = YES;
				CLANG_ENABLE_OBJC_ARC = YES;
				CLANG_WARN_BOOL_CONVERSION = YES;
				CLANG_WARN_CONSTANT_CONVERSION = YES;
				CLANG_WARN_DIRECT_OBJC_ISA_USAGE = YES_ERROR;
				CLANG_WARN_EMPTY_BODY = YES;
				CLANG_WARN_ENUM_CONVERSION = YES;
				CLANG_WARN_INT_CONVERSION = YES;
				CLANG_WARN_OBJC_ROOT_CLASS = YES_ERROR;
				CLANG_WARN_UNREACHABLE_CODE = YES;
				CLANG_WARN__DUPLICATE_METHOD_MATCH = YES;
				"CODE_SIGN_IDENTITY[sdk=iphoneos*]" = "iPhone Developer";
				COPY_PHASE_STRIP = YES;
				ENABLE_NS_ASSERTIONS = NO;
				ENABLE_STRICT_OBJC_MSGSEND = YES;
				GCC_C_LANGUAGE_STANDARD = gnu99;
				GCC_WARN_64_TO_32_BIT_CONVERSION = YES;
				GCC_WARN_ABOUT_RETURN_TYPE = YES_ERROR;
				GCC_WARN_UNDECLARED_SELECTOR = YES;
				GCC_WARN_UNINITIALIZED_AUTOS = YES_AGGRESSIVE;
				GCC_WARN_UNUSED_FUNCTION = YES;
				GCC_WARN_UNUSED_VARIABLE = YES;
				IPHONEOS_DEPLOYMENT_TARGET = 8.1;
				MTL_ENABLE_DEBUG_INFO = NO;
				SDKROOT = iphoneos;
				VALIDATE_PRODUCT = YES;
			};
			name = Release;
		};
		F2E544FE1A6CB55100CB52E5 /* Debug */ = {
			isa = XCBuildConfiguration;
			buildSettings = {
				ASSETCATALOG_COMPILER_APPICON_NAME = AppIcon;
				CODE_SIGN_IDENTITY = "iPhone Developer";
				CURRENT_PROJECT_VERSION = "";
				FRAMEWORK_SEARCH_PATHS = "$(PROJECT_DIR)";
				INFOPLIST_FILE = GroceryList/Info.plist;
				LD_RUNPATH_SEARCH_PATHS = "$(inherited) @executable_path/Frameworks";
				LIBRARY_SEARCH_PATHS = (
					"$(inherited)",
					"$(PROJECT_DIR)/ZBarSDK",
				);
				ONLY_ACTIVE_ARCH = NO;
				PRODUCT_NAME = "$(TARGET_NAME)";
				VERSIONING_SYSTEM = "";
			};
			name = Debug;
		};
		F2E544FF1A6CB55100CB52E5 /* Release */ = {
			isa = XCBuildConfiguration;
			buildSettings = {
				ASSETCATALOG_COMPILER_APPICON_NAME = AppIcon;
				CODE_SIGN_IDENTITY = "iPhone Developer";
				CURRENT_PROJECT_VERSION = "";
				FRAMEWORK_SEARCH_PATHS = "$(PROJECT_DIR)";
				INFOPLIST_FILE = GroceryList/Info.plist;
				LD_RUNPATH_SEARCH_PATHS = "$(inherited) @executable_path/Frameworks";
				LIBRARY_SEARCH_PATHS = (
					"$(inherited)",
					"$(PROJECT_DIR)/ZBarSDK",
				);
				ONLY_ACTIVE_ARCH = NO;
				PRODUCT_NAME = "$(TARGET_NAME)";
				VERSIONING_SYSTEM = "";
			};
			name = Release;
		};
		F2E545011A6CB55100CB52E5 /* Debug */ = {
			isa = XCBuildConfiguration;
			buildSettings = {
				BUNDLE_LOADER = "$(TEST_HOST)";
				FRAMEWORK_SEARCH_PATHS = (
					"$(SDKROOT)/Developer/Library/Frameworks",
					"$(inherited)",
				);
				GCC_PREPROCESSOR_DEFINITIONS = (
					"DEBUG=1",
					"$(inherited)",
				);
				INFOPLIST_FILE = GroceryListTests/Info.plist;
				LD_RUNPATH_SEARCH_PATHS = "$(inherited) @executable_path/Frameworks @loader_path/Frameworks";
				PRODUCT_NAME = "$(TARGET_NAME)";
				TEST_HOST = "$(BUILT_PRODUCTS_DIR)/GroceryList.app/GroceryList";
			};
			name = Debug;
		};
		F2E545021A6CB55100CB52E5 /* Release */ = {
			isa = XCBuildConfiguration;
			buildSettings = {
				BUNDLE_LOADER = "$(TEST_HOST)";
				FRAMEWORK_SEARCH_PATHS = (
					"$(SDKROOT)/Developer/Library/Frameworks",
					"$(inherited)",
				);
				INFOPLIST_FILE = GroceryListTests/Info.plist;
				LD_RUNPATH_SEARCH_PATHS = "$(inherited) @executable_path/Frameworks @loader_path/Frameworks";
				PRODUCT_NAME = "$(TARGET_NAME)";
				TEST_HOST = "$(BUILT_PRODUCTS_DIR)/GroceryList.app/GroceryList";
			};
			name = Release;
		};
/* End XCBuildConfiguration section */

/* Begin XCConfigurationList section */
		F2E544D51A6CB55000CB52E5 /* Build configuration list for PBXProject "GroceryList" */ = {
			isa = XCConfigurationList;
			buildConfigurations = (
				F2E544FB1A6CB55100CB52E5 /* Debug */,
				F2E544FC1A6CB55100CB52E5 /* Release */,
			);
			defaultConfigurationIsVisible = 0;
			defaultConfigurationName = Release;
		};
		F2E544FD1A6CB55100CB52E5 /* Build configuration list for PBXNativeTarget "GroceryList" */ = {
			isa = XCConfigurationList;
			buildConfigurations = (
				F2E544FE1A6CB55100CB52E5 /* Debug */,
				F2E544FF1A6CB55100CB52E5 /* Release */,
			);
			defaultConfigurationIsVisible = 0;
			defaultConfigurationName = Release;
		};
		F2E545001A6CB55100CB52E5 /* Build configuration list for PBXNativeTarget "GroceryListTests" */ = {
			isa = XCConfigurationList;
			buildConfigurations = (
				F2E545011A6CB55100CB52E5 /* Debug */,
				F2E545021A6CB55100CB52E5 /* Release */,
			);
			defaultConfigurationIsVisible = 0;
			defaultConfigurationName = Release;
		};
/* End XCConfigurationList section */
	};
	rootObject = F2E544D21A6CB55000CB52E5 /* Project object */;
}
