// !$*UTF8*$!
{
	archiveVersion = 1;
	classes = {
	};
	objectVersion = 46;
	objects = {

/* Begin PBXBuildFile section */
		BAC6761EE9F8F7E288863188 /* libPods.a in Frameworks */ = {isa = PBXBuildFile; fileRef = A783D9E5EBD8A030867002CD /* libPods.a */; };
		F22C8F341A6EE88D00139B9D /* AudioToolbox.framework in Frameworks */ = {isa = PBXBuildFile; fileRef = F22C8F331A6EE88D00139B9D /* AudioToolbox.framework */; };
		F22C8F361A6EE89700139B9D /* CFNetwork.framework in Frameworks */ = {isa = PBXBuildFile; fileRef = F22C8F351A6EE89700139B9D /* CFNetwork.framework */; };
		F22C8F381A6EE8A100139B9D /* CoreGraphics.framework in Frameworks */ = {isa = PBXBuildFile; fileRef = F22C8F371A6EE8A100139B9D /* CoreGraphics.framework */; };
		F22C8F3A1A6EE8FD00139B9D /* CoreLocation.framework in Frameworks */ = {isa = PBXBuildFile; fileRef = F22C8F391A6EE8FD00139B9D /* CoreLocation.framework */; };
		F22C8F3C1A6EE90A00139B9D /* MobileCoreServices.framework in Frameworks */ = {isa = PBXBuildFile; fileRef = F22C8F3B1A6EE90A00139B9D /* MobileCoreServices.framework */; };
		F22C8F3E1A6EE91B00139B9D /* Security.framework in Frameworks */ = {isa = PBXBuildFile; fileRef = F22C8F3D1A6EE91B00139B9D /* Security.framework */; };
		F22C8F401A6EE92500139B9D /* StoreKit.framework in Frameworks */ = {isa = PBXBuildFile; fileRef = F22C8F3F1A6EE92500139B9D /* StoreKit.framework */; };
		F22C8F421A6EE92D00139B9D /* SystemConfiguration.framework in Frameworks */ = {isa = PBXBuildFile; fileRef = F22C8F411A6EE92D00139B9D /* SystemConfiguration.framework */; };
		F22C8F441A6EE93600139B9D /* libz.dylib in Frameworks */ = {isa = PBXBuildFile; fileRef = F22C8F431A6EE93600139B9D /* libz.dylib */; };
		F22C8F461A6EE94A00139B9D /* libsqlite3.dylib in Frameworks */ = {isa = PBXBuildFile; fileRef = F22C8F451A6EE94A00139B9D /* libsqlite3.dylib */; };
		F22F2D791A72D1DB00C878EC /* GLBarcodeManager.m in Sources */ = {isa = PBXBuildFile; fileRef = F22F2D781A72D1DB00C878EC /* GLBarcodeManager.m */; };
		F22F2D7D1A72D6FD00C878EC /* GLBarcodeDatabase.m in Sources */ = {isa = PBXBuildFile; fileRef = F22F2D7C1A72D6FD00C878EC /* GLBarcodeDatabase.m */; };
		F25E49111A86B141006E1252 /* GLBingFetcher.m in Sources */ = {isa = PBXBuildFile; fileRef = F25E49101A86B141006E1252 /* GLBingFetcher.m */; };
		F28586BA1A744A63003B91E1 /* Social.framework in Frameworks */ = {isa = PBXBuildFile; fileRef = F28586B91A744A63003B91E1 /* Social.framework */; };
		F28586BC1A744A6B003B91E1 /* Accounts.framework in Frameworks */ = {isa = PBXBuildFile; fileRef = F28586BB1A744A6B003B91E1 /* Accounts.framework */; };
		F28586BE1A744A75003B91E1 /* AdSupport.framework in Frameworks */ = {isa = PBXBuildFile; fileRef = F28586BD1A744A75003B91E1 /* AdSupport.framework */; };
		F296DA121A709738001E9D29 /* ParseCrashReporting.framework in Frameworks */ = {isa = PBXBuildFile; fileRef = F296DA111A709738001E9D29 /* ParseCrashReporting.framework */; };
		F296DA141A709862001E9D29 /* libstdc++.6.dylib in Frameworks */ = {isa = PBXBuildFile; fileRef = F296DA131A709862001E9D29 /* libstdc++.6.dylib */; };
		F2A6C8D71A915FF900FE3C30 /* PFQueryTableViewController+Caching.m in Sources */ = {isa = PBXBuildFile; fileRef = F2A6C8D61A915FF900FE3C30 /* PFQueryTableViewController+Caching.m */; };
		F2A917381A8FC0D400A1FC89 /* GLParseAnalytics.m in Sources */ = {isa = PBXBuildFile; fileRef = F2A917371A8FC0D400A1FC89 /* GLParseAnalytics.m */; };
		F2B4D0D61A6DF52200A98C7A /* AVFoundation.framework in Frameworks */ = {isa = PBXBuildFile; fileRef = F2B4D0D51A6DF52200A98C7A /* AVFoundation.framework */; };
		F2B4D0D81A6DF52A00A98C7A /* CoreMedia.framework in Frameworks */ = {isa = PBXBuildFile; fileRef = F2B4D0D71A6DF52A00A98C7A /* CoreMedia.framework */; };
		F2B4D0DA1A6DF53000A98C7A /* CoreVideo.framework in Frameworks */ = {isa = PBXBuildFile; fileRef = F2B4D0D91A6DF53000A98C7A /* CoreVideo.framework */; };
		F2B4D0DC1A6DF53900A98C7A /* QuartzCore.framework in Frameworks */ = {isa = PBXBuildFile; fileRef = F2B4D0DB1A6DF53900A98C7A /* QuartzCore.framework */; };
		F2B4D0DE1A6DF54500A98C7A /* libiconv.dylib in Frameworks */ = {isa = PBXBuildFile; fileRef = F2B4D0DD1A6DF54500A98C7A /* libiconv.dylib */; };
		F2D58A6E1A96BC7700E15FFC /* GLFactualRequestSerializer.m in Sources */ = {isa = PBXBuildFile; fileRef = F2D58A6D1A96BC7700E15FFC /* GLFactualRequestSerializer.m */; };
		F2D58A711A96EB6600E15FFC /* GLListItem.m in Sources */ = {isa = PBXBuildFile; fileRef = F2D58A701A96EB6600E15FFC /* GLListItem.m */; };
		F2E4D4BB1A98295D00E8C517 /* GLFactualResponseSerializer.m in Sources */ = {isa = PBXBuildFile; fileRef = F2E4D4BA1A98295D00E8C517 /* GLFactualResponseSerializer.m */; };
		F2E4D4C41A9AA8B900E8C517 /* GLItemConfirmationView.xib in Resources */ = {isa = PBXBuildFile; fileRef = F2E4D4C31A9AA8B900E8C517 /* GLItemConfirmationView.xib */; };
		F2E4D4C71A9AC85500E8C517 /* GLItemConfirmationView.m in Sources */ = {isa = PBXBuildFile; fileRef = F2E4D4C61A9AC85500E8C517 /* GLItemConfirmationView.m */; };
		F2E544E01A6CB55000CB52E5 /* main.m in Sources */ = {isa = PBXBuildFile; fileRef = F2E544DF1A6CB55000CB52E5 /* main.m */; };
		F2E544E31A6CB55000CB52E5 /* AppDelegate.m in Sources */ = {isa = PBXBuildFile; fileRef = F2E544E21A6CB55000CB52E5 /* AppDelegate.m */; };
		F2E544EE1A6CB55100CB52E5 /* LaunchScreen.xib in Resources */ = {isa = PBXBuildFile; fileRef = F2E544EC1A6CB55100CB52E5 /* LaunchScreen.xib */; };
		F2E544FA1A6CB55100CB52E5 /* GroceryListTests.m in Sources */ = {isa = PBXBuildFile; fileRef = F2E544F91A6CB55100CB52E5 /* GroceryListTests.m */; };
		F2E545051A6CB5D400CB52E5 /* GLTableViewCell.m in Sources */ = {isa = PBXBuildFile; fileRef = F2E545041A6CB5D400CB52E5 /* GLTableViewCell.m */; };
		F2E545081A6CB5F500CB52E5 /* GLTableViewController.m in Sources */ = {isa = PBXBuildFile; fileRef = F2E545071A6CB5F500CB52E5 /* GLTableViewController.m */; };
		F2F948AF1A8881DE002C5177 /* Main.storyboard in Resources */ = {isa = PBXBuildFile; fileRef = F2F948AE1A8881DE002C5177 /* Main.storyboard */; };
		F2F948B21A8947BD002C5177 /* GLBarcodeItem.m in Sources */ = {isa = PBXBuildFile; fileRef = F2F948B11A8947BD002C5177 /* GLBarcodeItem.m */; };
		F2F948BA1A8ACCEB002C5177 /* Images.xcassets in Resources */ = {isa = PBXBuildFile; fileRef = F2F948B91A8ACCEB002C5177 /* Images.xcassets */; };
		F2F948C31A8AD7B5002C5177 /* main.js in Resources */ = {isa = PBXBuildFile; fileRef = F2F948BE1A8AD7B5002C5177 /* main.js */; };
		F2F948C41A8AD7B5002C5177 /* global.json in Resources */ = {isa = PBXBuildFile; fileRef = F2F948C01A8AD7B5002C5177 /* global.json */; };
		F2F948C51A8AD7B5002C5177 /* index.html in Resources */ = {isa = PBXBuildFile; fileRef = F2F948C21A8AD7B5002C5177 /* index.html */; };
		F2F948DF1A8AED76002C5177 /* beep.wav in Resources */ = {isa = PBXBuildFile; fileRef = F2F948C71A8AED76002C5177 /* beep.wav */; };
		F2F948E01A8AED76002C5177 /* camera-swap-icon-pressed.png in Resources */ = {isa = PBXBuildFile; fileRef = F2F948C81A8AED76002C5177 /* camera-swap-icon-pressed.png */; };
		F2F948E11A8AED76002C5177 /* camera-swap-icon-pressed@2x.png in Resources */ = {isa = PBXBuildFile; fileRef = F2F948C91A8AED76002C5177 /* camera-swap-icon-pressed@2x.png */; };
		F2F948E21A8AED76002C5177 /* camera-swap-icon.png in Resources */ = {isa = PBXBuildFile; fileRef = F2F948CA1A8AED76002C5177 /* camera-swap-icon.png */; };
		F2F948E31A8AED76002C5177 /* camera-swap-icon@2x.png in Resources */ = {isa = PBXBuildFile; fileRef = F2F948CB1A8AED76002C5177 /* camera-swap-icon@2x.png */; };
		F2F948E41A8AED76002C5177 /* CHANGELOG.txt in Resources */ = {isa = PBXBuildFile; fileRef = F2F948CC1A8AED76002C5177 /* CHANGELOG.txt */; };
		F2F948E51A8AED76002C5177 /* scanditsdk.strings in Resources */ = {isa = PBXBuildFile; fileRef = F2F948CD1A8AED76002C5177 /* scanditsdk.strings */; };
		F2F948E61A8AED76002C5177 /* empty.cpp in Sources */ = {isa = PBXBuildFile; fileRef = F2F948CF1A8AED76002C5177 /* empty.cpp */; };
		F2F948E71A8AED76002C5177 /* flashlight-turn-off-icon-pressed.png in Resources */ = {isa = PBXBuildFile; fileRef = F2F948D11A8AED76002C5177 /* flashlight-turn-off-icon-pressed.png */; };
		F2F948E81A8AED76002C5177 /* flashlight-turn-off-icon-pressed@2x.png in Resources */ = {isa = PBXBuildFile; fileRef = F2F948D21A8AED76002C5177 /* flashlight-turn-off-icon-pressed@2x.png */; };
		F2F948E91A8AED76002C5177 /* flashlight-turn-off-icon.png in Resources */ = {isa = PBXBuildFile; fileRef = F2F948D31A8AED76002C5177 /* flashlight-turn-off-icon.png */; };
		F2F948EA1A8AED76002C5177 /* flashlight-turn-off-icon@2x.png in Resources */ = {isa = PBXBuildFile; fileRef = F2F948D41A8AED76002C5177 /* flashlight-turn-off-icon@2x.png */; };
		F2F948EB1A8AED76002C5177 /* flashlight-turn-on-icon-pressed.png in Resources */ = {isa = PBXBuildFile; fileRef = F2F948D51A8AED76002C5177 /* flashlight-turn-on-icon-pressed.png */; };
		F2F948EC1A8AED76002C5177 /* flashlight-turn-on-icon-pressed@2x.png in Resources */ = {isa = PBXBuildFile; fileRef = F2F948D61A8AED76002C5177 /* flashlight-turn-on-icon-pressed@2x.png */; };
		F2F948ED1A8AED76002C5177 /* flashlight-turn-on-icon.png in Resources */ = {isa = PBXBuildFile; fileRef = F2F948D71A8AED76002C5177 /* flashlight-turn-on-icon.png */; };
		F2F948EE1A8AED76002C5177 /* flashlight-turn-on-icon@2x.png in Resources */ = {isa = PBXBuildFile; fileRef = F2F948D81A8AED76002C5177 /* flashlight-turn-on-icon@2x.png */; };
		F2F948EF1A8AED76002C5177 /* libscanditsdk-ios-4.4.0.a in Frameworks */ = {isa = PBXBuildFile; fileRef = F2F948D91A8AED76002C5177 /* libscanditsdk-ios-4.4.0.a */; };
		F2F948F01A8AED76002C5177 /* LICENSE-2.0.txt in Resources */ = {isa = PBXBuildFile; fileRef = F2F948DA1A8AED76002C5177 /* LICENSE-2.0.txt */; };
		F2F948F11A8AED76002C5177 /* poweredby.png in Resources */ = {isa = PBXBuildFile; fileRef = F2F948DB1A8AED76002C5177 /* poweredby.png */; };
		F2F948F21A8AED76002C5177 /* poweredby@2x.png in Resources */ = {isa = PBXBuildFile; fileRef = F2F948DC1A8AED76002C5177 /* poweredby@2x.png */; };
		F2F948F41A8AEDB8002C5177 /* libc++.dylib in Frameworks */ = {isa = PBXBuildFile; fileRef = F2F948F31A8AEDB8002C5177 /* libc++.dylib */; };
		F2F948F61A8AEDDF002C5177 /* UIKit.framework in Frameworks */ = {isa = PBXBuildFile; fileRef = F2F948F51A8AEDDF002C5177 /* UIKit.framework */; };
		F2F948F81A8AEDE8002C5177 /* Foundation.framework in Frameworks */ = {isa = PBXBuildFile; fileRef = F2F948F71A8AEDE8002C5177 /* Foundation.framework */; };
		F2F948FB1A8BDF65002C5177 /* GLScannerViewController.m in Sources */ = {isa = PBXBuildFile; fileRef = F2F948FA1A8BDF65002C5177 /* GLScannerViewController.m */; };
/* End PBXBuildFile section */

/* Begin PBXContainerItemProxy section */
		F2E544F41A6CB55100CB52E5 /* PBXContainerItemProxy */ = {
			isa = PBXContainerItemProxy;
			containerPortal = F2E544D21A6CB55000CB52E5 /* Project object */;
			proxyType = 1;
			remoteGlobalIDString = F2E544D91A6CB55000CB52E5;
			remoteInfo = GroceryList;
		};
/* End PBXContainerItemProxy section */

/* Begin PBXFileReference section */
		254AFE9F5A4C9859E25FAB80 /* Pods.release.xcconfig */ = {isa = PBXFileReference; includeInIndex = 1; lastKnownFileType = text.xcconfig; name = Pods.release.xcconfig; path = "Pods/Target Support Files/Pods/Pods.release.xcconfig"; sourceTree = "<group>"; };
		9CA8F7344B4A5BF669FC2DE8 /* Pods.debug.xcconfig */ = {isa = PBXFileReference; includeInIndex = 1; lastKnownFileType = text.xcconfig; name = Pods.debug.xcconfig; path = "Pods/Target Support Files/Pods/Pods.debug.xcconfig"; sourceTree = "<group>"; };
		A783D9E5EBD8A030867002CD /* libPods.a */ = {isa = PBXFileReference; explicitFileType = archive.ar; includeInIndex = 0; path = libPods.a; sourceTree = BUILT_PRODUCTS_DIR; };
		F210E9841A855A04000B83EC /* libxml2.dylib */ = {isa = PBXFileReference; lastKnownFileType = "compiled.mach-o.dylib"; name = libxml2.dylib; path = usr/lib/libxml2.dylib; sourceTree = SDKROOT; };
		F22C8F331A6EE88D00139B9D /* AudioToolbox.framework */ = {isa = PBXFileReference; lastKnownFileType = wrapper.framework; name = AudioToolbox.framework; path = System/Library/Frameworks/AudioToolbox.framework; sourceTree = SDKROOT; };
		F22C8F351A6EE89700139B9D /* CFNetwork.framework */ = {isa = PBXFileReference; lastKnownFileType = wrapper.framework; name = CFNetwork.framework; path = System/Library/Frameworks/CFNetwork.framework; sourceTree = SDKROOT; };
		F22C8F371A6EE8A100139B9D /* CoreGraphics.framework */ = {isa = PBXFileReference; lastKnownFileType = wrapper.framework; name = CoreGraphics.framework; path = System/Library/Frameworks/CoreGraphics.framework; sourceTree = SDKROOT; };
		F22C8F391A6EE8FD00139B9D /* CoreLocation.framework */ = {isa = PBXFileReference; lastKnownFileType = wrapper.framework; name = CoreLocation.framework; path = System/Library/Frameworks/CoreLocation.framework; sourceTree = SDKROOT; };
		F22C8F3B1A6EE90A00139B9D /* MobileCoreServices.framework */ = {isa = PBXFileReference; lastKnownFileType = wrapper.framework; name = MobileCoreServices.framework; path = System/Library/Frameworks/MobileCoreServices.framework; sourceTree = SDKROOT; };
		F22C8F3D1A6EE91B00139B9D /* Security.framework */ = {isa = PBXFileReference; lastKnownFileType = wrapper.framework; name = Security.framework; path = System/Library/Frameworks/Security.framework; sourceTree = SDKROOT; };
		F22C8F3F1A6EE92500139B9D /* StoreKit.framework */ = {isa = PBXFileReference; lastKnownFileType = wrapper.framework; name = StoreKit.framework; path = System/Library/Frameworks/StoreKit.framework; sourceTree = SDKROOT; };
		F22C8F411A6EE92D00139B9D /* SystemConfiguration.framework */ = {isa = PBXFileReference; lastKnownFileType = wrapper.framework; name = SystemConfiguration.framework; path = System/Library/Frameworks/SystemConfiguration.framework; sourceTree = SDKROOT; };
		F22C8F431A6EE93600139B9D /* libz.dylib */ = {isa = PBXFileReference; lastKnownFileType = "compiled.mach-o.dylib"; name = libz.dylib; path = usr/lib/libz.dylib; sourceTree = SDKROOT; };
		F22C8F451A6EE94A00139B9D /* libsqlite3.dylib */ = {isa = PBXFileReference; lastKnownFileType = "compiled.mach-o.dylib"; name = libsqlite3.dylib; path = usr/lib/libsqlite3.dylib; sourceTree = SDKROOT; };
		F22F2D781A72D1DB00C878EC /* GLBarcodeManager.m */ = {isa = PBXFileReference; fileEncoding = 4; lastKnownFileType = sourcecode.c.objc; path = GLBarcodeManager.m; sourceTree = "<group>"; };
		F22F2D7A1A72D1FA00C878EC /* GLBarcodeManager.h */ = {isa = PBXFileReference; lastKnownFileType = sourcecode.c.h; path = GLBarcodeManager.h; sourceTree = "<group>"; };
		F22F2D7B1A72D66600C878EC /* GLBarcodeDatabase.h */ = {isa = PBXFileReference; lastKnownFileType = sourcecode.c.h; path = GLBarcodeDatabase.h; sourceTree = "<group>"; };
		F22F2D7C1A72D6FD00C878EC /* GLBarcodeDatabase.m */ = {isa = PBXFileReference; fileEncoding = 4; lastKnownFileType = sourcecode.c.objc; path = GLBarcodeDatabase.m; sourceTree = "<group>"; };
		F25E49101A86B141006E1252 /* GLBingFetcher.m */ = {isa = PBXFileReference; fileEncoding = 4; lastKnownFileType = sourcecode.c.objc; path = GLBingFetcher.m; sourceTree = "<group>"; };
		F25E49121A86B150006E1252 /* GLBingFetcher.h */ = {isa = PBXFileReference; lastKnownFileType = sourcecode.c.h; path = GLBingFetcher.h; sourceTree = "<group>"; };
		F28586B91A744A63003B91E1 /* Social.framework */ = {isa = PBXFileReference; lastKnownFileType = wrapper.framework; name = Social.framework; path = System/Library/Frameworks/Social.framework; sourceTree = SDKROOT; };
		F28586BB1A744A6B003B91E1 /* Accounts.framework */ = {isa = PBXFileReference; lastKnownFileType = wrapper.framework; name = Accounts.framework; path = System/Library/Frameworks/Accounts.framework; sourceTree = SDKROOT; };
		F28586BD1A744A75003B91E1 /* AdSupport.framework */ = {isa = PBXFileReference; lastKnownFileType = wrapper.framework; name = AdSupport.framework; path = System/Library/Frameworks/AdSupport.framework; sourceTree = SDKROOT; };
		F296DA111A709738001E9D29 /* ParseCrashReporting.framework */ = {isa = PBXFileReference; lastKnownFileType = wrapper.framework; path = ParseCrashReporting.framework; sourceTree = "<group>"; };
		F296DA131A709862001E9D29 /* libstdc++.6.dylib */ = {isa = PBXFileReference; lastKnownFileType = "compiled.mach-o.dylib"; name = "libstdc++.6.dylib"; path = "usr/lib/libstdc++.6.dylib"; sourceTree = SDKROOT; };
		F2A6C8D51A915FF900FE3C30 /* PFQueryTableViewController+Caching.h */ = {isa = PBXFileReference; fileEncoding = 4; lastKnownFileType = sourcecode.c.h; path = "PFQueryTableViewController+Caching.h"; sourceTree = "<group>"; };
		F2A6C8D61A915FF900FE3C30 /* PFQueryTableViewController+Caching.m */ = {isa = PBXFileReference; fileEncoding = 4; lastKnownFileType = sourcecode.c.objc; path = "PFQueryTableViewController+Caching.m"; sourceTree = "<group>"; };
		F2A6C8DA1A93D7AC00FE3C30 /* FactualSDK.framework */ = {isa = PBXFileReference; lastKnownFileType = wrapper.framework; path = FactualSDK.framework; sourceTree = "<group>"; };
		F2A917371A8FC0D400A1FC89 /* GLParseAnalytics.m */ = {isa = PBXFileReference; fileEncoding = 4; lastKnownFileType = sourcecode.c.objc; path = GLParseAnalytics.m; sourceTree = "<group>"; };
		F2A917391A8FC0E200A1FC89 /* GLParseAnalytics.h */ = {isa = PBXFileReference; lastKnownFileType = sourcecode.c.h; path = GLParseAnalytics.h; sourceTree = "<group>"; };
		F2B4D0D51A6DF52200A98C7A /* AVFoundation.framework */ = {isa = PBXFileReference; lastKnownFileType = wrapper.framework; name = AVFoundation.framework; path = System/Library/Frameworks/AVFoundation.framework; sourceTree = SDKROOT; };
		F2B4D0D71A6DF52A00A98C7A /* CoreMedia.framework */ = {isa = PBXFileReference; lastKnownFileType = wrapper.framework; name = CoreMedia.framework; path = System/Library/Frameworks/CoreMedia.framework; sourceTree = SDKROOT; };
		F2B4D0D91A6DF53000A98C7A /* CoreVideo.framework */ = {isa = PBXFileReference; lastKnownFileType = wrapper.framework; name = CoreVideo.framework; path = System/Library/Frameworks/CoreVideo.framework; sourceTree = SDKROOT; };
		F2B4D0DB1A6DF53900A98C7A /* QuartzCore.framework */ = {isa = PBXFileReference; lastKnownFileType = wrapper.framework; name = QuartzCore.framework; path = System/Library/Frameworks/QuartzCore.framework; sourceTree = SDKROOT; };
		F2B4D0DD1A6DF54500A98C7A /* libiconv.dylib */ = {isa = PBXFileReference; lastKnownFileType = "compiled.mach-o.dylib"; name = libiconv.dylib; path = usr/lib/libiconv.dylib; sourceTree = SDKROOT; };
		F2D58A6D1A96BC7700E15FFC /* GLFactualRequestSerializer.m */ = {isa = PBXFileReference; fileEncoding = 4; lastKnownFileType = sourcecode.c.objc; path = GLFactualRequestSerializer.m; sourceTree = "<group>"; };
		F2D58A6F1A96BD5A00E15FFC /* GLFactualRequestSerializer.h */ = {isa = PBXFileReference; lastKnownFileType = sourcecode.c.h; path = GLFactualRequestSerializer.h; sourceTree = "<group>"; };
		F2D58A701A96EB6600E15FFC /* GLListItem.m */ = {isa = PBXFileReference; fileEncoding = 4; lastKnownFileType = sourcecode.c.objc; path = GLListItem.m; sourceTree = "<group>"; };
		F2D58A721A96EB7000E15FFC /* GLListItem.h */ = {isa = PBXFileReference; lastKnownFileType = sourcecode.c.h; path = GLListItem.h; sourceTree = "<group>"; };
		F2E4D4BA1A98295D00E8C517 /* GLFactualResponseSerializer.m */ = {isa = PBXFileReference; fileEncoding = 4; lastKnownFileType = sourcecode.c.objc; path = GLFactualResponseSerializer.m; sourceTree = "<group>"; };
		F2E4D4BC1A98296F00E8C517 /* GLFactualResponseSerializer.h */ = {isa = PBXFileReference; lastKnownFileType = sourcecode.c.h; path = GLFactualResponseSerializer.h; sourceTree = "<group>"; };
		F2E4D4C31A9AA8B900E8C517 /* GLItemConfirmationView.xib */ = {isa = PBXFileReference; fileEncoding = 4; lastKnownFileType = file.xib; path = GLItemConfirmationView.xib; sourceTree = "<group>"; };
		F2E4D4C51A9AC85500E8C517 /* GLItemConfirmationView.h */ = {isa = PBXFileReference; fileEncoding = 4; lastKnownFileType = sourcecode.c.h; path = GLItemConfirmationView.h; sourceTree = "<group>"; };
		F2E4D4C61A9AC85500E8C517 /* GLItemConfirmationView.m */ = {isa = PBXFileReference; fileEncoding = 4; lastKnownFileType = sourcecode.c.objc; path = GLItemConfirmationView.m; sourceTree = "<group>"; };
		F2E544DA1A6CB55000CB52E5 /* GroceryList.app */ = {isa = PBXFileReference; explicitFileType = wrapper.application; includeInIndex = 0; path = GroceryList.app; sourceTree = BUILT_PRODUCTS_DIR; };
		F2E544DE1A6CB55000CB52E5 /* Info.plist */ = {isa = PBXFileReference; lastKnownFileType = text.plist.xml; path = Info.plist; sourceTree = "<group>"; };
		F2E544DF1A6CB55000CB52E5 /* main.m */ = {isa = PBXFileReference; lastKnownFileType = sourcecode.c.objc; path = main.m; sourceTree = "<group>"; };
		F2E544E11A6CB55000CB52E5 /* AppDelegate.h */ = {isa = PBXFileReference; lastKnownFileType = sourcecode.c.h; path = AppDelegate.h; sourceTree = "<group>"; };
		F2E544E21A6CB55000CB52E5 /* AppDelegate.m */ = {isa = PBXFileReference; lastKnownFileType = sourcecode.c.objc; path = AppDelegate.m; sourceTree = "<group>"; };
		F2E544ED1A6CB55100CB52E5 /* Base */ = {isa = PBXFileReference; lastKnownFileType = file.xib; name = Base; path = Base.lproj/LaunchScreen.xib; sourceTree = "<group>"; };
		F2E544F31A6CB55100CB52E5 /* GroceryListTests.xctest */ = {isa = PBXFileReference; explicitFileType = wrapper.cfbundle; includeInIndex = 0; path = GroceryListTests.xctest; sourceTree = BUILT_PRODUCTS_DIR; };
		F2E544F81A6CB55100CB52E5 /* Info.plist */ = {isa = PBXFileReference; lastKnownFileType = text.plist.xml; path = Info.plist; sourceTree = "<group>"; };
		F2E544F91A6CB55100CB52E5 /* GroceryListTests.m */ = {isa = PBXFileReference; lastKnownFileType = sourcecode.c.objc; path = GroceryListTests.m; sourceTree = "<group>"; };
		F2E545031A6CB5D400CB52E5 /* GLTableViewCell.h */ = {isa = PBXFileReference; fileEncoding = 4; lastKnownFileType = sourcecode.c.h; path = GLTableViewCell.h; sourceTree = "<group>"; };
		F2E545041A6CB5D400CB52E5 /* GLTableViewCell.m */ = {isa = PBXFileReference; fileEncoding = 4; lastKnownFileType = sourcecode.c.objc; path = GLTableViewCell.m; sourceTree = "<group>"; };
		F2E545061A6CB5F500CB52E5 /* GLTableViewController.h */ = {isa = PBXFileReference; fileEncoding = 4; lastKnownFileType = sourcecode.c.h; path = GLTableViewController.h; sourceTree = "<group>"; };
		F2E545071A6CB5F500CB52E5 /* GLTableViewController.m */ = {isa = PBXFileReference; fileEncoding = 4; lastKnownFileType = sourcecode.c.objc; path = GLTableViewController.m; sourceTree = "<group>"; };
		F2F948AE1A8881DE002C5177 /* Main.storyboard */ = {isa = PBXFileReference; fileEncoding = 4; lastKnownFileType = file.storyboard; name = Main.storyboard; path = ../Main.storyboard; sourceTree = "<group>"; };
		F2F948B11A8947BD002C5177 /* GLBarcodeItem.m */ = {isa = PBXFileReference; fileEncoding = 4; lastKnownFileType = sourcecode.c.objc; path = GLBarcodeItem.m; sourceTree = "<group>"; };
		F2F948B31A8947C8002C5177 /* GLBarcodeItem.h */ = {isa = PBXFileReference; lastKnownFileType = sourcecode.c.h; path = GLBarcodeItem.h; sourceTree = "<group>"; };
		F2F948B81A8AA195002C5177 /* GLBarcodeItemDelegate.h */ = {isa = PBXFileReference; fileEncoding = 4; lastKnownFileType = sourcecode.c.h; path = GLBarcodeItemDelegate.h; sourceTree = "<group>"; };
		F2F948B91A8ACCEB002C5177 /* Images.xcassets */ = {isa = PBXFileReference; lastKnownFileType = folder.assetcatalog; name = Images.xcassets; path = GroceryList/Images.xcassets; sourceTree = "<group>"; };
		F2F948BE1A8AD7B5002C5177 /* main.js */ = {isa = PBXFileReference; fileEncoding = 4; lastKnownFileType = sourcecode.javascript; path = main.js; sourceTree = "<group>"; };
		F2F948C01A8AD7B5002C5177 /* global.json */ = {isa = PBXFileReference; fileEncoding = 4; lastKnownFileType = text.json; path = global.json; sourceTree = "<group>"; };
		F2F948C21A8AD7B5002C5177 /* index.html */ = {isa = PBXFileReference; fileEncoding = 4; lastKnownFileType = text.html; path = index.html; sourceTree = "<group>"; };
		F2F948C71A8AED76002C5177 /* beep.wav */ = {isa = PBXFileReference; lastKnownFileType = audio.wav; path = beep.wav; sourceTree = "<group>"; };
		F2F948C81A8AED76002C5177 /* camera-swap-icon-pressed.png */ = {isa = PBXFileReference; lastKnownFileType = image.png; path = "camera-swap-icon-pressed.png"; sourceTree = "<group>"; };
		F2F948C91A8AED76002C5177 /* camera-swap-icon-pressed@2x.png */ = {isa = PBXFileReference; lastKnownFileType = image.png; path = "camera-swap-icon-pressed@2x.png"; sourceTree = "<group>"; };
		F2F948CA1A8AED76002C5177 /* camera-swap-icon.png */ = {isa = PBXFileReference; lastKnownFileType = image.png; path = "camera-swap-icon.png"; sourceTree = "<group>"; };
		F2F948CB1A8AED76002C5177 /* camera-swap-icon@2x.png */ = {isa = PBXFileReference; lastKnownFileType = image.png; path = "camera-swap-icon@2x.png"; sourceTree = "<group>"; };
		F2F948CC1A8AED76002C5177 /* CHANGELOG.txt */ = {isa = PBXFileReference; fileEncoding = 4; lastKnownFileType = text; path = CHANGELOG.txt; sourceTree = "<group>"; };
		F2F948CE1A8AED76002C5177 /* de */ = {isa = PBXFileReference; lastKnownFileType = text.plist.strings; name = de; path = de.lproj/scanditsdk.strings; sourceTree = "<group>"; };
		F2F948CF1A8AED76002C5177 /* empty.cpp */ = {isa = PBXFileReference; fileEncoding = 4; lastKnownFileType = sourcecode.cpp.cpp; path = empty.cpp; sourceTree = "<group>"; };
		F2F948D01A8AED76002C5177 /* en */ = {isa = PBXFileReference; lastKnownFileType = text.plist.strings; name = en; path = en.lproj/scanditsdk.strings; sourceTree = "<group>"; };
		F2F948D11A8AED76002C5177 /* flashlight-turn-off-icon-pressed.png */ = {isa = PBXFileReference; lastKnownFileType = image.png; path = "flashlight-turn-off-icon-pressed.png"; sourceTree = "<group>"; };
		F2F948D21A8AED76002C5177 /* flashlight-turn-off-icon-pressed@2x.png */ = {isa = PBXFileReference; lastKnownFileType = image.png; path = "flashlight-turn-off-icon-pressed@2x.png"; sourceTree = "<group>"; };
		F2F948D31A8AED76002C5177 /* flashlight-turn-off-icon.png */ = {isa = PBXFileReference; lastKnownFileType = image.png; path = "flashlight-turn-off-icon.png"; sourceTree = "<group>"; };
		F2F948D41A8AED76002C5177 /* flashlight-turn-off-icon@2x.png */ = {isa = PBXFileReference; lastKnownFileType = image.png; path = "flashlight-turn-off-icon@2x.png"; sourceTree = "<group>"; };
		F2F948D51A8AED76002C5177 /* flashlight-turn-on-icon-pressed.png */ = {isa = PBXFileReference; lastKnownFileType = image.png; path = "flashlight-turn-on-icon-pressed.png"; sourceTree = "<group>"; };
		F2F948D61A8AED76002C5177 /* flashlight-turn-on-icon-pressed@2x.png */ = {isa = PBXFileReference; lastKnownFileType = image.png; path = "flashlight-turn-on-icon-pressed@2x.png"; sourceTree = "<group>"; };
		F2F948D71A8AED76002C5177 /* flashlight-turn-on-icon.png */ = {isa = PBXFileReference; lastKnownFileType = image.png; path = "flashlight-turn-on-icon.png"; sourceTree = "<group>"; };
		F2F948D81A8AED76002C5177 /* flashlight-turn-on-icon@2x.png */ = {isa = PBXFileReference; lastKnownFileType = image.png; path = "flashlight-turn-on-icon@2x.png"; sourceTree = "<group>"; };
		F2F948D91A8AED76002C5177 /* libscanditsdk-ios-4.4.0.a */ = {isa = PBXFileReference; lastKnownFileType = archive.ar; path = "libscanditsdk-ios-4.4.0.a"; sourceTree = "<group>"; };
		F2F948DA1A8AED76002C5177 /* LICENSE-2.0.txt */ = {isa = PBXFileReference; fileEncoding = 4; lastKnownFileType = text; path = "LICENSE-2.0.txt"; sourceTree = "<group>"; };
		F2F948DB1A8AED76002C5177 /* poweredby.png */ = {isa = PBXFileReference; lastKnownFileType = image.png; path = poweredby.png; sourceTree = "<group>"; };
		F2F948DC1A8AED76002C5177 /* poweredby@2x.png */ = {isa = PBXFileReference; lastKnownFileType = image.png; path = "poweredby@2x.png"; sourceTree = "<group>"; };
		F2F948DD1A8AED76002C5177 /* ScanditSDKBarcodePicker.h */ = {isa = PBXFileReference; fileEncoding = 4; lastKnownFileType = sourcecode.c.h; path = ScanditSDKBarcodePicker.h; sourceTree = "<group>"; };
		F2F948DE1A8AED76002C5177 /* ScanditSDKOverlayController.h */ = {isa = PBXFileReference; fileEncoding = 4; lastKnownFileType = sourcecode.c.h; path = ScanditSDKOverlayController.h; sourceTree = "<group>"; };
		F2F948F31A8AEDB8002C5177 /* libc++.dylib */ = {isa = PBXFileReference; lastKnownFileType = "compiled.mach-o.dylib"; name = "libc++.dylib"; path = "usr/lib/libc++.dylib"; sourceTree = SDKROOT; };
		F2F948F51A8AEDDF002C5177 /* UIKit.framework */ = {isa = PBXFileReference; lastKnownFileType = wrapper.framework; name = UIKit.framework; path = System/Library/Frameworks/UIKit.framework; sourceTree = SDKROOT; };
		F2F948F71A8AEDE8002C5177 /* Foundation.framework */ = {isa = PBXFileReference; lastKnownFileType = wrapper.framework; name = Foundation.framework; path = System/Library/Frameworks/Foundation.framework; sourceTree = SDKROOT; };
		F2F948FA1A8BDF65002C5177 /* GLScannerViewController.m */ = {isa = PBXFileReference; fileEncoding = 4; lastKnownFileType = sourcecode.c.objc; path = GLScannerViewController.m; sourceTree = "<group>"; };
		F2F948FC1A8BDF76002C5177 /* GLScannerViewController.h */ = {isa = PBXFileReference; lastKnownFileType = sourcecode.c.h; path = GLScannerViewController.h; sourceTree = "<group>"; };
/* End PBXFileReference section */

/* Begin PBXFrameworksBuildPhase section */
		F2E544D71A6CB55000CB52E5 /* Frameworks */ = {
			isa = PBXFrameworksBuildPhase;
			buildActionMask = 2147483647;
			files = (
				F22C8F441A6EE93600139B9D /* libz.dylib in Frameworks */,
				F2F948F81A8AEDE8002C5177 /* Foundation.framework in Frameworks */,
				F2F948F61A8AEDDF002C5177 /* UIKit.framework in Frameworks */,
				F2B4D0DE1A6DF54500A98C7A /* libiconv.dylib in Frameworks */,
				F2F948F41A8AEDB8002C5177 /* libc++.dylib in Frameworks */,
				F28586BE1A744A75003B91E1 /* AdSupport.framework in Frameworks */,
				F28586BC1A744A6B003B91E1 /* Accounts.framework in Frameworks */,
				F28586BA1A744A63003B91E1 /* Social.framework in Frameworks */,
				F296DA141A709862001E9D29 /* libstdc++.6.dylib in Frameworks */,
				F22C8F461A6EE94A00139B9D /* libsqlite3.dylib in Frameworks */,
				F22C8F421A6EE92D00139B9D /* SystemConfiguration.framework in Frameworks */,
				F22C8F401A6EE92500139B9D /* StoreKit.framework in Frameworks */,
				F22C8F3E1A6EE91B00139B9D /* Security.framework in Frameworks */,
				F2B4D0DC1A6DF53900A98C7A /* QuartzCore.framework in Frameworks */,
				F22C8F3C1A6EE90A00139B9D /* MobileCoreServices.framework in Frameworks */,
				F22C8F3A1A6EE8FD00139B9D /* CoreLocation.framework in Frameworks */,
				F22C8F381A6EE8A100139B9D /* CoreGraphics.framework in Frameworks */,
				F2F948EF1A8AED76002C5177 /* libscanditsdk-ios-4.4.0.a in Frameworks */,
				F22C8F361A6EE89700139B9D /* CFNetwork.framework in Frameworks */,
				F296DA121A709738001E9D29 /* ParseCrashReporting.framework in Frameworks */,
				F22C8F341A6EE88D00139B9D /* AudioToolbox.framework in Frameworks */,
				F2B4D0DA1A6DF53000A98C7A /* CoreVideo.framework in Frameworks */,
				F2B4D0D81A6DF52A00A98C7A /* CoreMedia.framework in Frameworks */,
				F2B4D0D61A6DF52200A98C7A /* AVFoundation.framework in Frameworks */,
				BAC6761EE9F8F7E288863188 /* libPods.a in Frameworks */,
			);
			runOnlyForDeploymentPostprocessing = 0;
		};
		F2E544F01A6CB55100CB52E5 /* Frameworks */ = {
			isa = PBXFrameworksBuildPhase;
			buildActionMask = 2147483647;
			files = (
			);
			runOnlyForDeploymentPostprocessing = 0;
		};
/* End PBXFrameworksBuildPhase section */

/* Begin PBXGroup section */
		C8F326AD488A3D96D6A729A2 /* Pods */ = {
			isa = PBXGroup;
			children = (
				9CA8F7344B4A5BF669FC2DE8 /* Pods.debug.xcconfig */,
				254AFE9F5A4C9859E25FAB80 /* Pods.release.xcconfig */,
			);
			name = Pods;
			sourceTree = "<group>";
		};
		F25E490B1A869E83006E1252 /* Categories */ = {
			isa = PBXGroup;
			children = (
				F2A6C8D51A915FF900FE3C30 /* PFQueryTableViewController+Caching.h */,
				F2A6C8D61A915FF900FE3C30 /* PFQueryTableViewController+Caching.m */,
			);
			name = Categories;
			sourceTree = "<group>";
		};
		F25E490F1A86B126006E1252 /* Networking */ = {
			isa = PBXGroup;
			children = (
				F22F2D7A1A72D1FA00C878EC /* GLBarcodeManager.h */,
				F22F2D781A72D1DB00C878EC /* GLBarcodeManager.m */,
				F22F2D7B1A72D66600C878EC /* GLBarcodeDatabase.h */,
				F22F2D7C1A72D6FD00C878EC /* GLBarcodeDatabase.m */,
				F25E49121A86B150006E1252 /* GLBingFetcher.h */,
				F25E49101A86B141006E1252 /* GLBingFetcher.m */,
				F2A917391A8FC0E200A1FC89 /* GLParseAnalytics.h */,
				F2A917371A8FC0D400A1FC89 /* GLParseAnalytics.m */,
				F2D58A6F1A96BD5A00E15FFC /* GLFactualRequestSerializer.h */,
				F2D58A6D1A96BC7700E15FFC /* GLFactualRequestSerializer.m */,
				F2E4D4BC1A98296F00E8C517 /* GLFactualResponseSerializer.h */,
				F2E4D4BA1A98295D00E8C517 /* GLFactualResponseSerializer.m */,
			);
			name = Networking;
			sourceTree = "<group>";
		};
		F2B4D0DF1A6DF54B00A98C7A /* Frameworks */ = {
			isa = PBXGroup;
			children = (
				F2A6C8DA1A93D7AC00FE3C30 /* FactualSDK.framework */,
				F2F948F71A8AEDE8002C5177 /* Foundation.framework */,
				F2F948F51A8AEDDF002C5177 /* UIKit.framework */,
				F2F948F31A8AEDB8002C5177 /* libc++.dylib */,
				F210E9841A855A04000B83EC /* libxml2.dylib */,
				F28586BD1A744A75003B91E1 /* AdSupport.framework */,
				F28586BB1A744A6B003B91E1 /* Accounts.framework */,
				F28586B91A744A63003B91E1 /* Social.framework */,
				F296DA131A709862001E9D29 /* libstdc++.6.dylib */,
				F296DA111A709738001E9D29 /* ParseCrashReporting.framework */,
				F22C8F451A6EE94A00139B9D /* libsqlite3.dylib */,
				F22C8F431A6EE93600139B9D /* libz.dylib */,
				F22C8F411A6EE92D00139B9D /* SystemConfiguration.framework */,
				F22C8F3F1A6EE92500139B9D /* StoreKit.framework */,
				F22C8F3D1A6EE91B00139B9D /* Security.framework */,
				F22C8F3B1A6EE90A00139B9D /* MobileCoreServices.framework */,
				F22C8F391A6EE8FD00139B9D /* CoreLocation.framework */,
				F22C8F371A6EE8A100139B9D /* CoreGraphics.framework */,
				F22C8F351A6EE89700139B9D /* CFNetwork.framework */,
				F22C8F331A6EE88D00139B9D /* AudioToolbox.framework */,
				F2B4D0DD1A6DF54500A98C7A /* libiconv.dylib */,
				F2B4D0DB1A6DF53900A98C7A /* QuartzCore.framework */,
				F2B4D0D91A6DF53000A98C7A /* CoreVideo.framework */,
				F2B4D0D71A6DF52A00A98C7A /* CoreMedia.framework */,
				F2B4D0D51A6DF52200A98C7A /* AVFoundation.framework */,
				A783D9E5EBD8A030867002CD /* libPods.a */,
			);
			name = Frameworks;
			sourceTree = "<group>";
		};
		F2B4D1031A6DF5BE00A98C7A /* Vendor */ = {
			isa = PBXGroup;
			children = (
				F2F948C61A8AED76002C5177 /* ScanditSDK */,
			);
			name = Vendor;
			sourceTree = "<group>";
		};
		F2E544D11A6CB55000CB52E5 = {
			isa = PBXGroup;
			children = (
				F2F948B91A8ACCEB002C5177 /* Images.xcassets */,
				F2E544DC1A6CB55000CB52E5 /* GroceryList */,
				F2E544F61A6CB55100CB52E5 /* GroceryListTests */,
				F2E544DB1A6CB55000CB52E5 /* Products */,
				F2F948BC1A8AD7B5002C5177 /* parse */,
				F2B4D0DF1A6DF54B00A98C7A /* Frameworks */,
				C8F326AD488A3D96D6A729A2 /* Pods */,
				F2B4D1031A6DF5BE00A98C7A /* Vendor */,
			);
			sourceTree = "<group>";
		};
		F2E544DB1A6CB55000CB52E5 /* Products */ = {
			isa = PBXGroup;
			children = (
				F2E544DA1A6CB55000CB52E5 /* GroceryList.app */,
				F2E544F31A6CB55100CB52E5 /* GroceryListTests.xctest */,
			);
			name = Products;
			sourceTree = "<group>";
		};
		F2E544DC1A6CB55000CB52E5 /* GroceryList */ = {
			isa = PBXGroup;
			children = (
				F2F948B01A8947A6002C5177 /* Model */,
				F25E490B1A869E83006E1252 /* Categories */,
				F2E5450A1A6CB60A00CB52E5 /* Controllers */,
				F2E545091A6CB60100CB52E5 /* Views */,
				F2E544DD1A6CB55000CB52E5 /* Supporting Files */,
				F25E490F1A86B126006E1252 /* Networking */,
			);
			path = GroceryList;
			sourceTree = "<group>";
		};
		F2E544DD1A6CB55000CB52E5 /* Supporting Files */ = {
			isa = PBXGroup;
			children = (
				F2E544E11A6CB55000CB52E5 /* AppDelegate.h */,
				F2E544E21A6CB55000CB52E5 /* AppDelegate.m */,
				F2E544EC1A6CB55100CB52E5 /* LaunchScreen.xib */,
				F2E544DE1A6CB55000CB52E5 /* Info.plist */,
				F2E544DF1A6CB55000CB52E5 /* main.m */,
				F2F948B81A8AA195002C5177 /* GLBarcodeItemDelegate.h */,
			);
			name = "Supporting Files";
			sourceTree = "<group>";
		};
		F2E544F61A6CB55100CB52E5 /* GroceryListTests */ = {
			isa = PBXGroup;
			children = (
				F2E544F91A6CB55100CB52E5 /* GroceryListTests.m */,
				F2E544F71A6CB55100CB52E5 /* Supporting Files */,
			);
			path = GroceryListTests;
			sourceTree = "<group>";
		};
		F2E544F71A6CB55100CB52E5 /* Supporting Files */ = {
			isa = PBXGroup;
			children = (
				F2E544F81A6CB55100CB52E5 /* Info.plist */,
			);
			name = "Supporting Files";
			sourceTree = "<group>";
		};
		F2E545091A6CB60100CB52E5 /* Views */ = {
			isa = PBXGroup;
			children = (
				F2F948AE1A8881DE002C5177 /* Main.storyboard */,
				F2E545031A6CB5D400CB52E5 /* GLTableViewCell.h */,
				F2E545041A6CB5D400CB52E5 /* GLTableViewCell.m */,
				F2E4D4C31A9AA8B900E8C517 /* GLItemConfirmationView.xib */,
				F2E4D4C51A9AC85500E8C517 /* GLItemConfirmationView.h */,
				F2E4D4C61A9AC85500E8C517 /* GLItemConfirmationView.m */,
			);
			name = Views;
			sourceTree = "<group>";
		};
		F2E5450A1A6CB60A00CB52E5 /* Controllers */ = {
			isa = PBXGroup;
			children = (
				F2E545061A6CB5F500CB52E5 /* GLTableViewController.h */,
				F2E545071A6CB5F500CB52E5 /* GLTableViewController.m */,
				F2F948FC1A8BDF76002C5177 /* GLScannerViewController.h */,
				F2F948FA1A8BDF65002C5177 /* GLScannerViewController.m */,
			);
			name = Controllers;
			sourceTree = "<group>";
		};
		F2F948B01A8947A6002C5177 /* Model */ = {
			isa = PBXGroup;
			children = (
				F2F948B11A8947BD002C5177 /* GLBarcodeItem.m */,
				F2F948B31A8947C8002C5177 /* GLBarcodeItem.h */,
				F2D58A701A96EB6600E15FFC /* GLListItem.m */,
				F2D58A721A96EB7000E15FFC /* GLListItem.h */,
			);
			name = Model;
			sourceTree = "<group>";
		};
		F2F948BC1A8AD7B5002C5177 /* parse */ = {
			isa = PBXGroup;
			children = (
				F2F948BD1A8AD7B5002C5177 /* cloud */,
				F2F948BF1A8AD7B5002C5177 /* config */,
				F2F948C11A8AD7B5002C5177 /* public */,
			);
			path = parse;
			sourceTree = "<group>";
		};
		F2F948BD1A8AD7B5002C5177 /* cloud */ = {
			isa = PBXGroup;
			children = (
				F2F948BE1A8AD7B5002C5177 /* main.js */,
			);
			path = cloud;
			sourceTree = "<group>";
		};
		F2F948BF1A8AD7B5002C5177 /* config */ = {
			isa = PBXGroup;
			children = (
				F2F948C01A8AD7B5002C5177 /* global.json */,
			);
			path = config;
			sourceTree = "<group>";
		};
		F2F948C11A8AD7B5002C5177 /* public */ = {
			isa = PBXGroup;
			children = (
				F2F948C21A8AD7B5002C5177 /* index.html */,
			);
			path = public;
			sourceTree = "<group>";
		};
		F2F948C61A8AED76002C5177 /* ScanditSDK */ = {
			isa = PBXGroup;
			children = (
				F2F948C71A8AED76002C5177 /* beep.wav */,
				F2F948C81A8AED76002C5177 /* camera-swap-icon-pressed.png */,
				F2F948C91A8AED76002C5177 /* camera-swap-icon-pressed@2x.png */,
				F2F948CA1A8AED76002C5177 /* camera-swap-icon.png */,
				F2F948CB1A8AED76002C5177 /* camera-swap-icon@2x.png */,
				F2F948CC1A8AED76002C5177 /* CHANGELOG.txt */,
				F2F948CD1A8AED76002C5177 /* scanditsdk.strings */,
				F2F948CF1A8AED76002C5177 /* empty.cpp */,
				F2F948D11A8AED76002C5177 /* flashlight-turn-off-icon-pressed.png */,
				F2F948D21A8AED76002C5177 /* flashlight-turn-off-icon-pressed@2x.png */,
				F2F948D31A8AED76002C5177 /* flashlight-turn-off-icon.png */,
				F2F948D41A8AED76002C5177 /* flashlight-turn-off-icon@2x.png */,
				F2F948D51A8AED76002C5177 /* flashlight-turn-on-icon-pressed.png */,
				F2F948D61A8AED76002C5177 /* flashlight-turn-on-icon-pressed@2x.png */,
				F2F948D71A8AED76002C5177 /* flashlight-turn-on-icon.png */,
				F2F948D81A8AED76002C5177 /* flashlight-turn-on-icon@2x.png */,
				F2F948D91A8AED76002C5177 /* libscanditsdk-ios-4.4.0.a */,
				F2F948DA1A8AED76002C5177 /* LICENSE-2.0.txt */,
				F2F948DB1A8AED76002C5177 /* poweredby.png */,
				F2F948DC1A8AED76002C5177 /* poweredby@2x.png */,
				F2F948DD1A8AED76002C5177 /* ScanditSDKBarcodePicker.h */,
				F2F948DE1A8AED76002C5177 /* ScanditSDKOverlayController.h */,
			);
			path = ScanditSDK;
			sourceTree = "<group>";
		};
/* End PBXGroup section */

/* Begin PBXNativeTarget section */
		F2E544D91A6CB55000CB52E5 /* GroceryList */ = {
			isa = PBXNativeTarget;
			buildConfigurationList = F2E544FD1A6CB55100CB52E5 /* Build configuration list for PBXNativeTarget "GroceryList" */;
			buildPhases = (
				149CD6F275B38C56F8085418 /* Check Pods Manifest.lock */,
				F2E544D61A6CB55000CB52E5 /* Sources */,
				F2E544D71A6CB55000CB52E5 /* Frameworks */,
				F2E544D81A6CB55000CB52E5 /* Resources */,
				CA7CC3E8F2417FB0BADE9137 /* Copy Pods Resources */,
			);
			buildRules = (
			);
			dependencies = (
			);
			name = GroceryList;
			productName = GroceryList;
			productReference = F2E544DA1A6CB55000CB52E5 /* GroceryList.app */;
			productType = "com.apple.product-type.application";
		};
		F2E544F21A6CB55100CB52E5 /* GroceryListTests */ = {
			isa = PBXNativeTarget;
			buildConfigurationList = F2E545001A6CB55100CB52E5 /* Build configuration list for PBXNativeTarget "GroceryListTests" */;
			buildPhases = (
				F2E544EF1A6CB55100CB52E5 /* Sources */,
				F2E544F01A6CB55100CB52E5 /* Frameworks */,
				F2E544F11A6CB55100CB52E5 /* Resources */,
			);
			buildRules = (
			);
			dependencies = (
				F2E544F51A6CB55100CB52E5 /* PBXTargetDependency */,
			);
			name = GroceryListTests;
			productName = GroceryListTests;
			productReference = F2E544F31A6CB55100CB52E5 /* GroceryListTests.xctest */;
			productType = "com.apple.product-type.bundle.unit-test";
		};
/* End PBXNativeTarget section */

/* Begin PBXProject section */
		F2E544D21A6CB55000CB52E5 /* Project object */ = {
			isa = PBXProject;
			attributes = {
				CLASSPREFIX = GL;
				LastUpgradeCheck = 0610;
				TargetAttributes = {
					F2E544D91A6CB55000CB52E5 = {
						CreatedOnToolsVersion = 6.1.1;
						DevelopmentTeam = M7Z4JP773F;
					};
					F2E544F21A6CB55100CB52E5 = {
						CreatedOnToolsVersion = 6.1.1;
						TestTargetID = F2E544D91A6CB55000CB52E5;
					};
				};
			};
			buildConfigurationList = F2E544D51A6CB55000CB52E5 /* Build configuration list for PBXProject "GroceryList" */;
			compatibilityVersion = "Xcode 3.2";
			developmentRegion = English;
			hasScannedForEncodings = 0;
			knownRegions = (
				en,
				Base,
				de,
			);
			mainGroup = F2E544D11A6CB55000CB52E5;
			productRefGroup = F2E544DB1A6CB55000CB52E5 /* Products */;
			projectDirPath = "";
			projectRoot = "";
			targets = (
				F2E544D91A6CB55000CB52E5 /* GroceryList */,
				F2E544F21A6CB55100CB52E5 /* GroceryListTests */,
			);
		};
/* End PBXProject section */

/* Begin PBXResourcesBuildPhase section */
		F2E544D81A6CB55000CB52E5 /* Resources */ = {
			isa = PBXResourcesBuildPhase;
			buildActionMask = 2147483647;
			files = (
				F2F948AF1A8881DE002C5177 /* Main.storyboard in Resources */,
				F2F948F01A8AED76002C5177 /* LICENSE-2.0.txt in Resources */,
				F2F948EB1A8AED76002C5177 /* flashlight-turn-on-icon-pressed.png in Resources */,
				F2F948E71A8AED76002C5177 /* flashlight-turn-off-icon-pressed.png in Resources */,
				F2F948BA1A8ACCEB002C5177 /* Images.xcassets in Resources */,
				F2F948E41A8AED76002C5177 /* CHANGELOG.txt in Resources */,
				F2F948E01A8AED76002C5177 /* camera-swap-icon-pressed.png in Resources */,
				F2F948F21A8AED76002C5177 /* poweredby@2x.png in Resources */,
				F2F948C51A8AD7B5002C5177 /* index.html in Resources */,
				F2F948ED1A8AED76002C5177 /* flashlight-turn-on-icon.png in Resources */,
				F2F948E81A8AED76002C5177 /* flashlight-turn-off-icon-pressed@2x.png in Resources */,
				F2F948E31A8AED76002C5177 /* camera-swap-icon@2x.png in Resources */,
				F2F948C41A8AD7B5002C5177 /* global.json in Resources */,
				F2F948EC1A8AED76002C5177 /* flashlight-turn-on-icon-pressed@2x.png in Resources */,
				F2F948EE1A8AED76002C5177 /* flashlight-turn-on-icon@2x.png in Resources */,
				F2F948E91A8AED76002C5177 /* flashlight-turn-off-icon.png in Resources */,
				F2E544EE1A6CB55100CB52E5 /* LaunchScreen.xib in Resources */,
				F2F948E51A8AED76002C5177 /* scanditsdk.strings in Resources */,
				F2F948E21A8AED76002C5177 /* camera-swap-icon.png in Resources */,
				F2F948C31A8AD7B5002C5177 /* main.js in Resources */,
				F2E4D4C41A9AA8B900E8C517 /* GLItemConfirmationView.xib in Resources */,
				F2F948DF1A8AED76002C5177 /* beep.wav in Resources */,
				F2F948F11A8AED76002C5177 /* poweredby.png in Resources */,
				F2F948EA1A8AED76002C5177 /* flashlight-turn-off-icon@2x.png in Resources */,
				F2F948E11A8AED76002C5177 /* camera-swap-icon-pressed@2x.png in Resources */,
			);
			runOnlyForDeploymentPostprocessing = 0;
		};
		F2E544F11A6CB55100CB52E5 /* Resources */ = {
			isa = PBXResourcesBuildPhase;
			buildActionMask = 2147483647;
			files = (
			);
			runOnlyForDeploymentPostprocessing = 0;
		};
/* End PBXResourcesBuildPhase section */

/* Begin PBXShellScriptBuildPhase section */
		149CD6F275B38C56F8085418 /* Check Pods Manifest.lock */ = {
			isa = PBXShellScriptBuildPhase;
			buildActionMask = 2147483647;
			files = (
			);
			inputPaths = (
			);
			name = "Check Pods Manifest.lock";
			outputPaths = (
			);
			runOnlyForDeploymentPostprocessing = 0;
			shellPath = /bin/sh;
			shellScript = "diff \"${PODS_ROOT}/../Podfile.lock\" \"${PODS_ROOT}/Manifest.lock\" > /dev/null\nif [[ $? != 0 ]] ; then\n    cat << EOM\nerror: The sandbox is not in sync with the Podfile.lock. Run 'pod install' or update your CocoaPods installation.\nEOM\n    exit 1\nfi\n";
			showEnvVarsInLog = 0;
		};
		CA7CC3E8F2417FB0BADE9137 /* Copy Pods Resources */ = {
			isa = PBXShellScriptBuildPhase;
			buildActionMask = 2147483647;
			files = (
			);
			inputPaths = (
			);
			name = "Copy Pods Resources";
			outputPaths = (
			);
			runOnlyForDeploymentPostprocessing = 0;
			shellPath = /bin/sh;
			shellScript = "\"${SRCROOT}/Pods/Target Support Files/Pods/Pods-resources.sh\"\n";
			showEnvVarsInLog = 0;
		};
/* End PBXShellScriptBuildPhase section */

/* Begin PBXSourcesBuildPhase section */
		F2E544D61A6CB55000CB52E5 /* Sources */ = {
			isa = PBXSourcesBuildPhase;
			buildActionMask = 2147483647;
			files = (
				F2A917381A8FC0D400A1FC89 /* GLParseAnalytics.m in Sources */,
				F2E545081A6CB5F500CB52E5 /* GLTableViewController.m in Sources */,
				F2D58A6E1A96BC7700E15FFC /* GLFactualRequestSerializer.m in Sources */,
				F2E544E31A6CB55000CB52E5 /* AppDelegate.m in Sources */,
				F2F948B21A8947BD002C5177 /* GLBarcodeItem.m in Sources */,
				F22F2D791A72D1DB00C878EC /* GLBarcodeManager.m in Sources */,
				F2F948FB1A8BDF65002C5177 /* GLScannerViewController.m in Sources */,
				F2D58A711A96EB6600E15FFC /* GLListItem.m in Sources */,
				F22F2D7D1A72D6FD00C878EC /* GLBarcodeDatabase.m in Sources */,
				F2E4D4C71A9AC85500E8C517 /* GLItemConfirmationView.m in Sources */,
				F25E49111A86B141006E1252 /* GLBingFetcher.m in Sources */,
				F2E4D4BB1A98295D00E8C517 /* GLFactualResponseSerializer.m in Sources */,
				F2E545051A6CB5D400CB52E5 /* GLTableViewCell.m in Sources */,
				F2F948E61A8AED76002C5177 /* empty.cpp in Sources */,
				F2A6C8D71A915FF900FE3C30 /* PFQueryTableViewController+Caching.m in Sources */,
				F2E544E01A6CB55000CB52E5 /* main.m in Sources */,
			);
			runOnlyForDeploymentPostprocessing = 0;
		};
		F2E544EF1A6CB55100CB52E5 /* Sources */ = {
			isa = PBXSourcesBuildPhase;
			buildActionMask = 2147483647;
			files = (
				F2E544FA1A6CB55100CB52E5 /* GroceryListTests.m in Sources */,
			);
			runOnlyForDeploymentPostprocessing = 0;
		};
/* End PBXSourcesBuildPhase section */

/* Begin PBXTargetDependency section */
		F2E544F51A6CB55100CB52E5 /* PBXTargetDependency */ = {
			isa = PBXTargetDependency;
			target = F2E544D91A6CB55000CB52E5 /* GroceryList */;
			targetProxy = F2E544F41A6CB55100CB52E5 /* PBXContainerItemProxy */;
		};
/* End PBXTargetDependency section */

/* Begin PBXVariantGroup section */
		F2E544EC1A6CB55100CB52E5 /* LaunchScreen.xib */ = {
			isa = PBXVariantGroup;
			children = (
				F2E544ED1A6CB55100CB52E5 /* Base */,
			);
			name = LaunchScreen.xib;
			sourceTree = "<group>";
		};
		F2F948CD1A8AED76002C5177 /* scanditsdk.strings */ = {
			isa = PBXVariantGroup;
			children = (
				F2F948CE1A8AED76002C5177 /* de */,
				F2F948D01A8AED76002C5177 /* en */,
			);
			name = scanditsdk.strings;
			sourceTree = "<group>";
		};
/* End PBXVariantGroup section */

/* Begin XCBuildConfiguration section */
		F2E544FB1A6CB55100CB52E5 /* Debug */ = {
			isa = XCBuildConfiguration;
			buildSettings = {
				ALWAYS_SEARCH_USER_PATHS = NO;
				CLANG_CXX_LANGUAGE_STANDARD = "gnu++0x";
				CLANG_CXX_LIBRARY = "libc++";
				CLANG_ENABLE_MODULES = YES;
				CLANG_ENABLE_OBJC_ARC = YES;
				CLANG_WARN_BOOL_CONVERSION = YES;
				CLANG_WARN_CONSTANT_CONVERSION = YES;
				CLANG_WARN_DIRECT_OBJC_ISA_USAGE = YES_ERROR;
				CLANG_WARN_EMPTY_BODY = YES;
				CLANG_WARN_ENUM_CONVERSION = YES;
				CLANG_WARN_INT_CONVERSION = YES;
				CLANG_WARN_OBJC_ROOT_CLASS = YES_ERROR;
				CLANG_WARN_UNREACHABLE_CODE = YES;
				CLANG_WARN__DUPLICATE_METHOD_MATCH = YES;
				"CODE_SIGN_IDENTITY[sdk=iphoneos*]" = "iPhone Developer";
				COPY_PHASE_STRIP = NO;
				ENABLE_STRICT_OBJC_MSGSEND = YES;
				FRAMEWORK_SEARCH_PATHS = "$(inherited)";
				GCC_C_LANGUAGE_STANDARD = gnu99;
				GCC_DYNAMIC_NO_PIC = NO;
				GCC_OPTIMIZATION_LEVEL = 0;
				GCC_PREPROCESSOR_DEFINITIONS = (
					"DEBUG=1",
					"$(inherited)",
				);
				GCC_SYMBOLS_PRIVATE_EXTERN = NO;
				GCC_WARN_64_TO_32_BIT_CONVERSION = YES;
				GCC_WARN_ABOUT_RETURN_TYPE = YES_ERROR;
				GCC_WARN_UNDECLARED_SELECTOR = YES;
				GCC_WARN_UNINITIALIZED_AUTOS = YES_AGGRESSIVE;
				GCC_WARN_UNUSED_FUNCTION = YES;
				GCC_WARN_UNUSED_VARIABLE = YES;
				HEADER_SEARCH_PATHS = (
					"$(inherited)",
					/Applications/Xcode.app/Contents/Developer/Toolchains/XcodeDefault.xctoolchain/usr/include,
				);
				IPHONEOS_DEPLOYMENT_TARGET = 8.1;
				MTL_ENABLE_DEBUG_INFO = YES;
				ONLY_ACTIVE_ARCH = NO;
				SDKROOT = iphoneos;
			};
			name = Debug;
		};
		F2E544FC1A6CB55100CB52E5 /* Release */ = {
			isa = XCBuildConfiguration;
			buildSettings = {
				ALWAYS_SEARCH_USER_PATHS = NO;
				CLANG_CXX_LANGUAGE_STANDARD = "gnu++0x";
				CLANG_CXX_LIBRARY = "libc++";
				CLANG_ENABLE_MODULES = YES;
				CLANG_ENABLE_OBJC_ARC = YES;
				CLANG_WARN_BOOL_CONVERSION = YES;
				CLANG_WARN_CONSTANT_CONVERSION = YES;
				CLANG_WARN_DIRECT_OBJC_ISA_USAGE = YES_ERROR;
				CLANG_WARN_EMPTY_BODY = YES;
				CLANG_WARN_ENUM_CONVERSION = YES;
				CLANG_WARN_INT_CONVERSION = YES;
				CLANG_WARN_OBJC_ROOT_CLASS = YES_ERROR;
				CLANG_WARN_UNREACHABLE_CODE = YES;
				CLANG_WARN__DUPLICATE_METHOD_MATCH = YES;
				"CODE_SIGN_IDENTITY[sdk=iphoneos*]" = "iPhone Developer";
				COPY_PHASE_STRIP = YES;
				ENABLE_NS_ASSERTIONS = NO;
				ENABLE_STRICT_OBJC_MSGSEND = YES;
				FRAMEWORK_SEARCH_PATHS = "$(inherited)";
				GCC_C_LANGUAGE_STANDARD = gnu99;
				GCC_WARN_64_TO_32_BIT_CONVERSION = YES;
				GCC_WARN_ABOUT_RETURN_TYPE = YES_ERROR;
				GCC_WARN_UNDECLARED_SELECTOR = YES;
				GCC_WARN_UNINITIALIZED_AUTOS = YES_AGGRESSIVE;
				GCC_WARN_UNUSED_FUNCTION = YES;
				GCC_WARN_UNUSED_VARIABLE = YES;
				HEADER_SEARCH_PATHS = (
					"$(inherited)",
					/Applications/Xcode.app/Contents/Developer/Toolchains/XcodeDefault.xctoolchain/usr/include,
				);
				IPHONEOS_DEPLOYMENT_TARGET = 8.1;
				MTL_ENABLE_DEBUG_INFO = NO;
				ONLY_ACTIVE_ARCH = NO;
				SDKROOT = iphoneos;
				VALIDATE_PRODUCT = YES;
			};
			name = Release;
		};
		F2E544FE1A6CB55100CB52E5 /* Debug */ = {
			isa = XCBuildConfiguration;
			baseConfigurationReference = 9CA8F7344B4A5BF669FC2DE8 /* Pods.debug.xcconfig */;
			buildSettings = {
				ASSETCATALOG_COMPILER_APPICON_NAME = AppIcon;
				CLANG_ALLOW_NON_MODULAR_INCLUDES_IN_FRAMEWORK_MODULES = YES;
				CLANG_WARN_OBJC_IMPLICIT_RETAIN_SELF = YES;
				CODE_SIGN_IDENTITY = "iPhone Developer";
				"CODE_SIGN_IDENTITY[sdk=iphoneos*]" = "iPhone Developer";
				CURRENT_PROJECT_VERSION = "";
				FRAMEWORK_SEARCH_PATHS = (
					"$(PROJECT_DIR)",
					"$(inherited)",
				);
				GCC_TREAT_WARNINGS_AS_ERRORS = NO;
				HEADER_SEARCH_PATHS = (
					"$(inherited)",
					/Applications/Xcode.app/Contents/Developer/Toolchains/XcodeDefault.xctoolchain/usr/include,
				);
				INFOPLIST_FILE = GroceryList/Info.plist;
				LD_RUNPATH_SEARCH_PATHS = "$(inherited) @executable_path/Frameworks @loader_path/../Frameworks";
				LIBRARY_SEARCH_PATHS = (
					"$(inherited)",
					"$(PROJECT_DIR)/ZBarSDK",
					"$(PROJECT_DIR)/ScanditSDK",
				);
				ONLY_ACTIVE_ARCH = NO;
				OTHER_LDFLAGS = (
					"-ObjC",
					"$(OTHER_LDFLAGS)",
					"-all_load",
					"$(inherited)",
				);
				PRODUCT_NAME = "$(TARGET_NAME)";
				PROVISIONING_PROFILE = "";
				VERSIONING_SYSTEM = "";
				WARNING_CFLAGS = "";
			};
			name = Debug;
		};
		F2E544FF1A6CB55100CB52E5 /* Release */ = {
			isa = XCBuildConfiguration;
			baseConfigurationReference = 254AFE9F5A4C9859E25FAB80 /* Pods.release.xcconfig */;
			buildSettings = {
				ASSETCATALOG_COMPILER_APPICON_NAME = AppIcon;
				CLANG_ALLOW_NON_MODULAR_INCLUDES_IN_FRAMEWORK_MODULES = YES;
				CLANG_WARN_OBJC_IMPLICIT_RETAIN_SELF = YES;
				CODE_SIGN_IDENTITY = "iPhone Developer";
				"CODE_SIGN_IDENTITY[sdk=iphoneos*]" = "iPhone Developer";
				CURRENT_PROJECT_VERSION = "";
				FRAMEWORK_SEARCH_PATHS = (
					"$(PROJECT_DIR)",
					"$(inherited)",
				);
				GCC_TREAT_WARNINGS_AS_ERRORS = NO;
				HEADER_SEARCH_PATHS = (
					"$(inherited)",
					/Applications/Xcode.app/Contents/Developer/Toolchains/XcodeDefault.xctoolchain/usr/include,
				);
				INFOPLIST_FILE = GroceryList/Info.plist;
				LD_RUNPATH_SEARCH_PATHS = "$(inherited) @executable_path/Frameworks @loader_path/../Frameworks";
				LIBRARY_SEARCH_PATHS = (
					"$(inherited)",
					"$(PROJECT_DIR)/ZBarSDK",
					"$(PROJECT_DIR)/ScanditSDK",
				);
				ONLY_ACTIVE_ARCH = NO;
				OTHER_LDFLAGS = (
					"-ObjC",
					"$(OTHER_LDFLAGS)",
					"-all_load",
					"$(inherited)",
				);
				PRODUCT_NAME = "$(TARGET_NAME)";
				PROVISIONING_PROFILE = "";
				VERSIONING_SYSTEM = "";
				WARNING_CFLAGS = "";
			};
			name = Release;
		};
		F2E545011A6CB55100CB52E5 /* Debug */ = {
			isa = XCBuildConfiguration;
			buildSettings = {
				BUNDLE_LOADER = "$(TEST_HOST)";
				FRAMEWORK_SEARCH_PATHS = (
					"$(SDKROOT)/Developer/Library/Frameworks",
					"$(inherited)",
				);
				GCC_PREPROCESSOR_DEFINITIONS = (
					"DEBUG=1",
					"$(inherited)",
				);
				INFOPLIST_FILE = GroceryListTests/Info.plist;
				LD_RUNPATH_SEARCH_PATHS = "$(inherited) @executable_path/Frameworks @loader_path/Frameworks";
				PRODUCT_NAME = "$(TARGET_NAME)";
				TEST_HOST = "$(BUILT_PRODUCTS_DIR)/GroceryList.app/GroceryList";
			};
			name = Debug;
		};
		F2E545021A6CB55100CB52E5 /* Release */ = {
			isa = XCBuildConfiguration;
			buildSettings = {
				BUNDLE_LOADER = "$(TEST_HOST)";
				FRAMEWORK_SEARCH_PATHS = (
					"$(SDKROOT)/Developer/Library/Frameworks",
					"$(inherited)",
				);
				INFOPLIST_FILE = GroceryListTests/Info.plist;
				LD_RUNPATH_SEARCH_PATHS = "$(inherited) @executable_path/Frameworks @loader_path/Frameworks";
				PRODUCT_NAME = "$(TARGET_NAME)";
				TEST_HOST = "$(BUILT_PRODUCTS_DIR)/GroceryList.app/GroceryList";
			};
			name = Release;
		};
/* End XCBuildConfiguration section */

/* Begin XCConfigurationList section */
		F2E544D51A6CB55000CB52E5 /* Build configuration list for PBXProject "GroceryList" */ = {
			isa = XCConfigurationList;
			buildConfigurations = (
				F2E544FB1A6CB55100CB52E5 /* Debug */,
				F2E544FC1A6CB55100CB52E5 /* Release */,
			);
			defaultConfigurationIsVisible = 0;
			defaultConfigurationName = Release;
		};
		F2E544FD1A6CB55100CB52E5 /* Build configuration list for PBXNativeTarget "GroceryList" */ = {
			isa = XCConfigurationList;
			buildConfigurations = (
				F2E544FE1A6CB55100CB52E5 /* Debug */,
				F2E544FF1A6CB55100CB52E5 /* Release */,
			);
			defaultConfigurationIsVisible = 0;
			defaultConfigurationName = Release;
		};
		F2E545001A6CB55100CB52E5 /* Build configuration list for PBXNativeTarget "GroceryListTests" */ = {
			isa = XCConfigurationList;
			buildConfigurations = (
				F2E545011A6CB55100CB52E5 /* Debug */,
				F2E545021A6CB55100CB52E5 /* Release */,
			);
			defaultConfigurationIsVisible = 0;
			defaultConfigurationName = Release;
		};
/* End XCConfigurationList section */
	};
	rootObject = F2E544D21A6CB55000CB52E5 /* Project object */;
}
